
Microsoft Visual Studio Solution File, Format Version 12.00
# Visual Studio 15
VisualStudioVersion = 15.0.28307.852
MinimumVisualStudioVersion = 10.0.40219.1
Project("{9A19103F-16F7-4668-BE54-9A1E7A4F7556}") = "uri2232", "uri2232\uri2232.csproj", "{8E20FA4F-0B69-4454-B799-654939502DB5}"
EndProject
Project("{2150E333-8FDC-42A3-9474-1A3956D46DE8}") = "Matematica", "Matematica", "{9E2B6DB2-A1D2-4E89-84C4-443536A422A1}"
EndProject
Project("{2150E333-8FDC-42A3-9474-1A3956D46DE8}") = "Iniciante", "Iniciante", "{80F58D7F-6EF6-465D-B74B-27DAEC36EFE8}"
EndProject
Project("{9A19103F-16F7-4668-BE54-9A1E7A4F7556}") = "uri2344", "uri2344\uri2344.csproj", "{7770773E-E0E6-4546-BC78-8947E47A62CD}"
EndProject
Project("{2150E333-8FDC-42A3-9474-1A3956D46DE8}") = "Ad-Hoc", "Ad-Hoc", "{24502299-7B76-417B-A666-7A2D1C0DA248}"
EndProject
Project("{9A19103F-16F7-4668-BE54-9A1E7A4F7556}") = "uri2454", "uri2454\uri2454.csproj", "{B5904ADC-73C7-4269-9B8A-D58566BE2828}"
EndProject
Project("{9A19103F-16F7-4668-BE54-9A1E7A4F7556}") = "uri2455", "uri2455\uri2455.csproj", "{5F668044-97A0-40A3-943F-77F40FE65B37}"
EndProject
Project("{9A19103F-16F7-4668-BE54-9A1E7A4F7556}") = "uri2879", "uri2879\uri2879.csproj", "{16A24742-A896-4F66-A727-1D70855B8357}"
EndProject
Project("{9A19103F-16F7-4668-BE54-9A1E7A4F7556}") = "uri2373", "uri2373\uri2373.csproj", "{0CF2851F-D280-4153-972B-1C6348CE25CA}"
EndProject
Project("{9A19103F-16F7-4668-BE54-9A1E7A4F7556}") = "uri2339", "uri2339\uri2339.csproj", "{1B1AEB1D-0BD2-485C-8B95-7CE519B3CD38}"
EndProject
Project("{2150E333-8FDC-42A3-9474-1A3956D46DE8}") = "Strings", "Strings", "{AB3D906E-D279-4861-8F90-B017CE0CE61B}"
EndProject
Project("{9A19103F-16F7-4668-BE54-9A1E7A4F7556}") = "uri1257", "uri1257\uri1257.csproj", "{B7B8DD6F-E23A-494E-845D-E6DDF18892B7}"
EndProject
Project("{9A19103F-16F7-4668-BE54-9A1E7A4F7556}") = "uri2791", "uri2791\uri2791.csproj", "{44AC5713-90C3-484B-9F65-4D71BC395905}"
EndProject
Project("{FAE04EC0-301F-11D3-BF4B-00C04F79EFBC}") = "uri2581", "uri2581\uri2581.csproj", "{24E791C3-3337-49F9-ABCA-00D149B6B928}"
EndProject
Project("{FAE04EC0-301F-11D3-BF4B-00C04F79EFBC}") = "uri2896", "uri2896\uri2896.csproj", "{9FAE9B59-27B9-4317-AEE9-96C8513D1C99}"
EndProject
Project("{FAE04EC0-301F-11D3-BF4B-00C04F79EFBC}") = "uri2708", "uri2708\uri2708.csproj", "{0026FDE2-A0CF-48A8-B3BC-63575B919EE3}"
EndProject
Project("{FAE04EC0-301F-11D3-BF4B-00C04F79EFBC}") = "uri2483", "URI2483\uri2483.csproj", "{AC32E1B4-5F37-442A-8293-20F98BCBDC8E}"
EndProject
Project("{FAE04EC0-301F-11D3-BF4B-00C04F79EFBC}") = "uri2414", "uri2414\uri2414.csproj", "{4BC019B0-D315-4224-852F-BDACA04CD146}"
EndProject
Project("{2150E333-8FDC-42A3-9474-1A3956D46DE8}") = "Sql", "Sql", "{D3E16343-1520-4AA2-9AD7-00AE0C97B738}"
EndProject
Project("{182E2583-ECAD-465B-BB50-91101D7C24CE}") = "uri2603", "uri2603\uri2603.usqlproj", "{ED8A498C-A43F-4328-BB78-F8DCF1EBE980}"
EndProject
Project("{FAE04EC0-301F-11D3-BF4B-00C04F79EFBC}") = "uri2756", "uri2756\uri2756.csproj", "{2967CC2B-03E5-4CF5-8D4C-4102222ED269}"
EndProject
Project("{FAE04EC0-301F-11D3-BF4B-00C04F79EFBC}") = "uri2679", "uri2679\uri2679.csproj", "{BCF06A44-8406-406E-A10D-2CE4175E8240}"
EndProject
Project("{FAE04EC0-301F-11D3-BF4B-00C04F79EFBC}") = "uri2780", "uri2780\uri2780.csproj", "{741CDC33-D582-456E-B5C7-BD36949B3DD5}"
EndProject
Project("{FAE04EC0-301F-11D3-BF4B-00C04F79EFBC}") = "uri1192", "uri1192\uri1192.csproj", "{D1468C1C-8C30-47F8-A3BD-EF3D109DA3F2}"
EndProject
Project("{FAE04EC0-301F-11D3-BF4B-00C04F79EFBC}") = "uri2417", "uri2417\uri2417.csproj", "{E38CEDE7-E608-4048-8ADB-6CFD563D87E5}"
EndProject
Global
	GlobalSection(SolutionConfigurationPlatforms) = preSolution
		Debug|Any CPU = Debug|Any CPU
		Debug|x64 = Debug|x64
		Debug|x86 = Debug|x86
		Release|Any CPU = Release|Any CPU
		Release|x64 = Release|x64
		Release|x86 = Release|x86
	EndGlobalSection
	GlobalSection(ProjectConfigurationPlatforms) = postSolution
		{8E20FA4F-0B69-4454-B799-654939502DB5}.Debug|Any CPU.ActiveCfg = Debug|Any CPU
		{8E20FA4F-0B69-4454-B799-654939502DB5}.Debug|Any CPU.Build.0 = Debug|Any CPU
		{8E20FA4F-0B69-4454-B799-654939502DB5}.Debug|x64.ActiveCfg = Debug|Any CPU
		{8E20FA4F-0B69-4454-B799-654939502DB5}.Debug|x64.Build.0 = Debug|Any CPU
		{8E20FA4F-0B69-4454-B799-654939502DB5}.Debug|x86.ActiveCfg = Debug|Any CPU
		{8E20FA4F-0B69-4454-B799-654939502DB5}.Debug|x86.Build.0 = Debug|Any CPU
		{8E20FA4F-0B69-4454-B799-654939502DB5}.Release|Any CPU.ActiveCfg = Release|Any CPU
		{8E20FA4F-0B69-4454-B799-654939502DB5}.Release|Any CPU.Build.0 = Release|Any CPU
		{8E20FA4F-0B69-4454-B799-654939502DB5}.Release|x64.ActiveCfg = Release|Any CPU
		{8E20FA4F-0B69-4454-B799-654939502DB5}.Release|x64.Build.0 = Release|Any CPU
		{8E20FA4F-0B69-4454-B799-654939502DB5}.Release|x86.ActiveCfg = Release|Any CPU
		{8E20FA4F-0B69-4454-B799-654939502DB5}.Release|x86.Build.0 = Release|Any CPU
		{7770773E-E0E6-4546-BC78-8947E47A62CD}.Debug|Any CPU.ActiveCfg = Debug|Any CPU
		{7770773E-E0E6-4546-BC78-8947E47A62CD}.Debug|Any CPU.Build.0 = Debug|Any CPU
		{7770773E-E0E6-4546-BC78-8947E47A62CD}.Debug|x64.ActiveCfg = Debug|Any CPU
		{7770773E-E0E6-4546-BC78-8947E47A62CD}.Debug|x64.Build.0 = Debug|Any CPU
		{7770773E-E0E6-4546-BC78-8947E47A62CD}.Debug|x86.ActiveCfg = Debug|Any CPU
		{7770773E-E0E6-4546-BC78-8947E47A62CD}.Debug|x86.Build.0 = Debug|Any CPU
		{7770773E-E0E6-4546-BC78-8947E47A62CD}.Release|Any CPU.ActiveCfg = Release|Any CPU
		{7770773E-E0E6-4546-BC78-8947E47A62CD}.Release|Any CPU.Build.0 = Release|Any CPU
		{7770773E-E0E6-4546-BC78-8947E47A62CD}.Release|x64.ActiveCfg = Release|Any CPU
		{7770773E-E0E6-4546-BC78-8947E47A62CD}.Release|x64.Build.0 = Release|Any CPU
		{7770773E-E0E6-4546-BC78-8947E47A62CD}.Release|x86.ActiveCfg = Release|Any CPU
		{7770773E-E0E6-4546-BC78-8947E47A62CD}.Release|x86.Build.0 = Release|Any CPU
		{B5904ADC-73C7-4269-9B8A-D58566BE2828}.Debug|Any CPU.ActiveCfg = Debug|Any CPU
		{B5904ADC-73C7-4269-9B8A-D58566BE2828}.Debug|Any CPU.Build.0 = Debug|Any CPU
		{B5904ADC-73C7-4269-9B8A-D58566BE2828}.Debug|x64.ActiveCfg = Debug|Any CPU
		{B5904ADC-73C7-4269-9B8A-D58566BE2828}.Debug|x64.Build.0 = Debug|Any CPU
		{B5904ADC-73C7-4269-9B8A-D58566BE2828}.Debug|x86.ActiveCfg = Debug|Any CPU
		{B5904ADC-73C7-4269-9B8A-D58566BE2828}.Debug|x86.Build.0 = Debug|Any CPU
		{B5904ADC-73C7-4269-9B8A-D58566BE2828}.Release|Any CPU.ActiveCfg = Release|Any CPU
		{B5904ADC-73C7-4269-9B8A-D58566BE2828}.Release|Any CPU.Build.0 = Release|Any CPU
		{B5904ADC-73C7-4269-9B8A-D58566BE2828}.Release|x64.ActiveCfg = Release|Any CPU
		{B5904ADC-73C7-4269-9B8A-D58566BE2828}.Release|x64.Build.0 = Release|Any CPU
		{B5904ADC-73C7-4269-9B8A-D58566BE2828}.Release|x86.ActiveCfg = Release|Any CPU
		{B5904ADC-73C7-4269-9B8A-D58566BE2828}.Release|x86.Build.0 = Release|Any CPU
		{5F668044-97A0-40A3-943F-77F40FE65B37}.Debug|Any CPU.ActiveCfg = Debug|Any CPU
		{5F668044-97A0-40A3-943F-77F40FE65B37}.Debug|Any CPU.Build.0 = Debug|Any CPU
		{5F668044-97A0-40A3-943F-77F40FE65B37}.Debug|x64.ActiveCfg = Debug|Any CPU
		{5F668044-97A0-40A3-943F-77F40FE65B37}.Debug|x64.Build.0 = Debug|Any CPU
		{5F668044-97A0-40A3-943F-77F40FE65B37}.Debug|x86.ActiveCfg = Debug|Any CPU
		{5F668044-97A0-40A3-943F-77F40FE65B37}.Debug|x86.Build.0 = Debug|Any CPU
		{5F668044-97A0-40A3-943F-77F40FE65B37}.Release|Any CPU.ActiveCfg = Release|Any CPU
		{5F668044-97A0-40A3-943F-77F40FE65B37}.Release|Any CPU.Build.0 = Release|Any CPU
		{5F668044-97A0-40A3-943F-77F40FE65B37}.Release|x64.ActiveCfg = Release|Any CPU
		{5F668044-97A0-40A3-943F-77F40FE65B37}.Release|x64.Build.0 = Release|Any CPU
		{5F668044-97A0-40A3-943F-77F40FE65B37}.Release|x86.ActiveCfg = Release|Any CPU
		{5F668044-97A0-40A3-943F-77F40FE65B37}.Release|x86.Build.0 = Release|Any CPU
		{16A24742-A896-4F66-A727-1D70855B8357}.Debug|Any CPU.ActiveCfg = Debug|Any CPU
		{16A24742-A896-4F66-A727-1D70855B8357}.Debug|Any CPU.Build.0 = Debug|Any CPU
		{16A24742-A896-4F66-A727-1D70855B8357}.Debug|x64.ActiveCfg = Debug|Any CPU
		{16A24742-A896-4F66-A727-1D70855B8357}.Debug|x64.Build.0 = Debug|Any CPU
		{16A24742-A896-4F66-A727-1D70855B8357}.Debug|x86.ActiveCfg = Debug|Any CPU
		{16A24742-A896-4F66-A727-1D70855B8357}.Debug|x86.Build.0 = Debug|Any CPU
		{16A24742-A896-4F66-A727-1D70855B8357}.Release|Any CPU.ActiveCfg = Release|Any CPU
		{16A24742-A896-4F66-A727-1D70855B8357}.Release|Any CPU.Build.0 = Release|Any CPU
		{16A24742-A896-4F66-A727-1D70855B8357}.Release|x64.ActiveCfg = Release|Any CPU
		{16A24742-A896-4F66-A727-1D70855B8357}.Release|x64.Build.0 = Release|Any CPU
		{16A24742-A896-4F66-A727-1D70855B8357}.Release|x86.ActiveCfg = Release|Any CPU
		{16A24742-A896-4F66-A727-1D70855B8357}.Release|x86.Build.0 = Release|Any CPU
		{0CF2851F-D280-4153-972B-1C6348CE25CA}.Debug|Any CPU.ActiveCfg = Debug|Any CPU
		{0CF2851F-D280-4153-972B-1C6348CE25CA}.Debug|Any CPU.Build.0 = Debug|Any CPU
		{0CF2851F-D280-4153-972B-1C6348CE25CA}.Debug|x64.ActiveCfg = Debug|Any CPU
		{0CF2851F-D280-4153-972B-1C6348CE25CA}.Debug|x64.Build.0 = Debug|Any CPU
		{0CF2851F-D280-4153-972B-1C6348CE25CA}.Debug|x86.ActiveCfg = Debug|Any CPU
		{0CF2851F-D280-4153-972B-1C6348CE25CA}.Debug|x86.Build.0 = Debug|Any CPU
		{0CF2851F-D280-4153-972B-1C6348CE25CA}.Release|Any CPU.ActiveCfg = Release|Any CPU
		{0CF2851F-D280-4153-972B-1C6348CE25CA}.Release|Any CPU.Build.0 = Release|Any CPU
		{0CF2851F-D280-4153-972B-1C6348CE25CA}.Release|x64.ActiveCfg = Release|Any CPU
		{0CF2851F-D280-4153-972B-1C6348CE25CA}.Release|x64.Build.0 = Release|Any CPU
		{0CF2851F-D280-4153-972B-1C6348CE25CA}.Release|x86.ActiveCfg = Release|Any CPU
		{0CF2851F-D280-4153-972B-1C6348CE25CA}.Release|x86.Build.0 = Release|Any CPU
		{1B1AEB1D-0BD2-485C-8B95-7CE519B3CD38}.Debug|Any CPU.ActiveCfg = Debug|Any CPU
		{1B1AEB1D-0BD2-485C-8B95-7CE519B3CD38}.Debug|Any CPU.Build.0 = Debug|Any CPU
		{1B1AEB1D-0BD2-485C-8B95-7CE519B3CD38}.Debug|x64.ActiveCfg = Debug|Any CPU
		{1B1AEB1D-0BD2-485C-8B95-7CE519B3CD38}.Debug|x64.Build.0 = Debug|Any CPU
		{1B1AEB1D-0BD2-485C-8B95-7CE519B3CD38}.Debug|x86.ActiveCfg = Debug|Any CPU
		{1B1AEB1D-0BD2-485C-8B95-7CE519B3CD38}.Debug|x86.Build.0 = Debug|Any CPU
		{1B1AEB1D-0BD2-485C-8B95-7CE519B3CD38}.Release|Any CPU.ActiveCfg = Release|Any CPU
		{1B1AEB1D-0BD2-485C-8B95-7CE519B3CD38}.Release|Any CPU.Build.0 = Release|Any CPU
		{1B1AEB1D-0BD2-485C-8B95-7CE519B3CD38}.Release|x64.ActiveCfg = Release|Any CPU
		{1B1AEB1D-0BD2-485C-8B95-7CE519B3CD38}.Release|x64.Build.0 = Release|Any CPU
		{1B1AEB1D-0BD2-485C-8B95-7CE519B3CD38}.Release|x86.ActiveCfg = Release|Any CPU
		{1B1AEB1D-0BD2-485C-8B95-7CE519B3CD38}.Release|x86.Build.0 = Release|Any CPU
		{B7B8DD6F-E23A-494E-845D-E6DDF18892B7}.Debug|Any CPU.ActiveCfg = Debug|Any CPU
		{B7B8DD6F-E23A-494E-845D-E6DDF18892B7}.Debug|Any CPU.Build.0 = Debug|Any CPU
		{B7B8DD6F-E23A-494E-845D-E6DDF18892B7}.Debug|x64.ActiveCfg = Debug|Any CPU
		{B7B8DD6F-E23A-494E-845D-E6DDF18892B7}.Debug|x64.Build.0 = Debug|Any CPU
		{B7B8DD6F-E23A-494E-845D-E6DDF18892B7}.Debug|x86.ActiveCfg = Debug|Any CPU
		{B7B8DD6F-E23A-494E-845D-E6DDF18892B7}.Debug|x86.Build.0 = Debug|Any CPU
		{B7B8DD6F-E23A-494E-845D-E6DDF18892B7}.Release|Any CPU.ActiveCfg = Release|Any CPU
		{B7B8DD6F-E23A-494E-845D-E6DDF18892B7}.Release|Any CPU.Build.0 = Release|Any CPU
		{B7B8DD6F-E23A-494E-845D-E6DDF18892B7}.Release|x64.ActiveCfg = Release|Any CPU
		{B7B8DD6F-E23A-494E-845D-E6DDF18892B7}.Release|x64.Build.0 = Release|Any CPU
		{B7B8DD6F-E23A-494E-845D-E6DDF18892B7}.Release|x86.ActiveCfg = Release|Any CPU
		{B7B8DD6F-E23A-494E-845D-E6DDF18892B7}.Release|x86.Build.0 = Release|Any CPU
		{44AC5713-90C3-484B-9F65-4D71BC395905}.Debug|Any CPU.ActiveCfg = Debug|Any CPU
		{44AC5713-90C3-484B-9F65-4D71BC395905}.Debug|Any CPU.Build.0 = Debug|Any CPU
		{44AC5713-90C3-484B-9F65-4D71BC395905}.Debug|x64.ActiveCfg = Debug|Any CPU
		{44AC5713-90C3-484B-9F65-4D71BC395905}.Debug|x64.Build.0 = Debug|Any CPU
		{44AC5713-90C3-484B-9F65-4D71BC395905}.Debug|x86.ActiveCfg = Debug|Any CPU
		{44AC5713-90C3-484B-9F65-4D71BC395905}.Debug|x86.Build.0 = Debug|Any CPU
		{44AC5713-90C3-484B-9F65-4D71BC395905}.Release|Any CPU.ActiveCfg = Release|Any CPU
		{44AC5713-90C3-484B-9F65-4D71BC395905}.Release|Any CPU.Build.0 = Release|Any CPU
		{44AC5713-90C3-484B-9F65-4D71BC395905}.Release|x64.ActiveCfg = Release|Any CPU
		{44AC5713-90C3-484B-9F65-4D71BC395905}.Release|x64.Build.0 = Release|Any CPU
		{44AC5713-90C3-484B-9F65-4D71BC395905}.Release|x86.ActiveCfg = Release|Any CPU
		{44AC5713-90C3-484B-9F65-4D71BC395905}.Release|x86.Build.0 = Release|Any CPU
		{24E791C3-3337-49F9-ABCA-00D149B6B928}.Debug|Any CPU.ActiveCfg = Debug|Any CPU
		{24E791C3-3337-49F9-ABCA-00D149B6B928}.Debug|Any CPU.Build.0 = Debug|Any CPU
		{24E791C3-3337-49F9-ABCA-00D149B6B928}.Debug|x64.ActiveCfg = Debug|Any CPU
		{24E791C3-3337-49F9-ABCA-00D149B6B928}.Debug|x64.Build.0 = Debug|Any CPU
		{24E791C3-3337-49F9-ABCA-00D149B6B928}.Debug|x86.ActiveCfg = Debug|Any CPU
		{24E791C3-3337-49F9-ABCA-00D149B6B928}.Debug|x86.Build.0 = Debug|Any CPU
		{24E791C3-3337-49F9-ABCA-00D149B6B928}.Release|Any CPU.ActiveCfg = Release|Any CPU
		{24E791C3-3337-49F9-ABCA-00D149B6B928}.Release|Any CPU.Build.0 = Release|Any CPU
		{24E791C3-3337-49F9-ABCA-00D149B6B928}.Release|x64.ActiveCfg = Release|Any CPU
		{24E791C3-3337-49F9-ABCA-00D149B6B928}.Release|x64.Build.0 = Release|Any CPU
		{24E791C3-3337-49F9-ABCA-00D149B6B928}.Release|x86.ActiveCfg = Release|Any CPU
		{24E791C3-3337-49F9-ABCA-00D149B6B928}.Release|x86.Build.0 = Release|Any CPU
		{9FAE9B59-27B9-4317-AEE9-96C8513D1C99}.Debug|Any CPU.ActiveCfg = Debug|Any CPU
		{9FAE9B59-27B9-4317-AEE9-96C8513D1C99}.Debug|Any CPU.Build.0 = Debug|Any CPU
		{9FAE9B59-27B9-4317-AEE9-96C8513D1C99}.Debug|x64.ActiveCfg = Debug|Any CPU
		{9FAE9B59-27B9-4317-AEE9-96C8513D1C99}.Debug|x64.Build.0 = Debug|Any CPU
		{9FAE9B59-27B9-4317-AEE9-96C8513D1C99}.Debug|x86.ActiveCfg = Debug|Any CPU
		{9FAE9B59-27B9-4317-AEE9-96C8513D1C99}.Debug|x86.Build.0 = Debug|Any CPU
		{9FAE9B59-27B9-4317-AEE9-96C8513D1C99}.Release|Any CPU.ActiveCfg = Release|Any CPU
		{9FAE9B59-27B9-4317-AEE9-96C8513D1C99}.Release|Any CPU.Build.0 = Release|Any CPU
		{9FAE9B59-27B9-4317-AEE9-96C8513D1C99}.Release|x64.ActiveCfg = Release|Any CPU
		{9FAE9B59-27B9-4317-AEE9-96C8513D1C99}.Release|x64.Build.0 = Release|Any CPU
		{9FAE9B59-27B9-4317-AEE9-96C8513D1C99}.Release|x86.ActiveCfg = Release|Any CPU
		{9FAE9B59-27B9-4317-AEE9-96C8513D1C99}.Release|x86.Build.0 = Release|Any CPU
		{0026FDE2-A0CF-48A8-B3BC-63575B919EE3}.Debug|Any CPU.ActiveCfg = Debug|Any CPU
		{0026FDE2-A0CF-48A8-B3BC-63575B919EE3}.Debug|Any CPU.Build.0 = Debug|Any CPU
		{0026FDE2-A0CF-48A8-B3BC-63575B919EE3}.Debug|x64.ActiveCfg = Debug|Any CPU
		{0026FDE2-A0CF-48A8-B3BC-63575B919EE3}.Debug|x64.Build.0 = Debug|Any CPU
		{0026FDE2-A0CF-48A8-B3BC-63575B919EE3}.Debug|x86.ActiveCfg = Debug|Any CPU
		{0026FDE2-A0CF-48A8-B3BC-63575B919EE3}.Debug|x86.Build.0 = Debug|Any CPU
		{0026FDE2-A0CF-48A8-B3BC-63575B919EE3}.Release|Any CPU.ActiveCfg = Release|Any CPU
		{0026FDE2-A0CF-48A8-B3BC-63575B919EE3}.Release|Any CPU.Build.0 = Release|Any CPU
		{0026FDE2-A0CF-48A8-B3BC-63575B919EE3}.Release|x64.ActiveCfg = Release|Any CPU
		{0026FDE2-A0CF-48A8-B3BC-63575B919EE3}.Release|x64.Build.0 = Release|Any CPU
		{0026FDE2-A0CF-48A8-B3BC-63575B919EE3}.Release|x86.ActiveCfg = Release|Any CPU
		{0026FDE2-A0CF-48A8-B3BC-63575B919EE3}.Release|x86.Build.0 = Release|Any CPU
		{AC32E1B4-5F37-442A-8293-20F98BCBDC8E}.Debug|Any CPU.ActiveCfg = Debug|Any CPU
		{AC32E1B4-5F37-442A-8293-20F98BCBDC8E}.Debug|Any CPU.Build.0 = Debug|Any CPU
		{AC32E1B4-5F37-442A-8293-20F98BCBDC8E}.Debug|x64.ActiveCfg = Debug|Any CPU
		{AC32E1B4-5F37-442A-8293-20F98BCBDC8E}.Debug|x64.Build.0 = Debug|Any CPU
		{AC32E1B4-5F37-442A-8293-20F98BCBDC8E}.Debug|x86.ActiveCfg = Debug|Any CPU
		{AC32E1B4-5F37-442A-8293-20F98BCBDC8E}.Debug|x86.Build.0 = Debug|Any CPU
		{AC32E1B4-5F37-442A-8293-20F98BCBDC8E}.Release|Any CPU.ActiveCfg = Release|Any CPU
		{AC32E1B4-5F37-442A-8293-20F98BCBDC8E}.Release|Any CPU.Build.0 = Release|Any CPU
		{AC32E1B4-5F37-442A-8293-20F98BCBDC8E}.Release|x64.ActiveCfg = Release|Any CPU
		{AC32E1B4-5F37-442A-8293-20F98BCBDC8E}.Release|x64.Build.0 = Release|Any CPU
		{AC32E1B4-5F37-442A-8293-20F98BCBDC8E}.Release|x86.ActiveCfg = Release|Any CPU
		{AC32E1B4-5F37-442A-8293-20F98BCBDC8E}.Release|x86.Build.0 = Release|Any CPU
		{4BC019B0-D315-4224-852F-BDACA04CD146}.Debug|Any CPU.ActiveCfg = Debug|Any CPU
		{4BC019B0-D315-4224-852F-BDACA04CD146}.Debug|Any CPU.Build.0 = Debug|Any CPU
		{4BC019B0-D315-4224-852F-BDACA04CD146}.Debug|x64.ActiveCfg = Debug|Any CPU
		{4BC019B0-D315-4224-852F-BDACA04CD146}.Debug|x64.Build.0 = Debug|Any CPU
		{4BC019B0-D315-4224-852F-BDACA04CD146}.Debug|x86.ActiveCfg = Debug|Any CPU
		{4BC019B0-D315-4224-852F-BDACA04CD146}.Debug|x86.Build.0 = Debug|Any CPU
		{4BC019B0-D315-4224-852F-BDACA04CD146}.Release|Any CPU.ActiveCfg = Release|Any CPU
		{4BC019B0-D315-4224-852F-BDACA04CD146}.Release|Any CPU.Build.0 = Release|Any CPU
		{4BC019B0-D315-4224-852F-BDACA04CD146}.Release|x64.ActiveCfg = Release|Any CPU
		{4BC019B0-D315-4224-852F-BDACA04CD146}.Release|x64.Build.0 = Release|Any CPU
		{4BC019B0-D315-4224-852F-BDACA04CD146}.Release|x86.ActiveCfg = Release|Any CPU
		{4BC019B0-D315-4224-852F-BDACA04CD146}.Release|x86.Build.0 = Release|Any CPU
		{ED8A498C-A43F-4328-BB78-F8DCF1EBE980}.Debug|Any CPU.ActiveCfg = Debug|Any CPU
		{ED8A498C-A43F-4328-BB78-F8DCF1EBE980}.Debug|Any CPU.Build.0 = Debug|Any CPU
		{ED8A498C-A43F-4328-BB78-F8DCF1EBE980}.Debug|x64.ActiveCfg = Debug|x64
		{ED8A498C-A43F-4328-BB78-F8DCF1EBE980}.Debug|x64.Build.0 = Debug|x64
		{ED8A498C-A43F-4328-BB78-F8DCF1EBE980}.Debug|x86.ActiveCfg = Debug|x86
		{ED8A498C-A43F-4328-BB78-F8DCF1EBE980}.Debug|x86.Build.0 = Debug|x86
		{ED8A498C-A43F-4328-BB78-F8DCF1EBE980}.Release|Any CPU.ActiveCfg = Release|Any CPU
		{ED8A498C-A43F-4328-BB78-F8DCF1EBE980}.Release|Any CPU.Build.0 = Release|Any CPU
		{ED8A498C-A43F-4328-BB78-F8DCF1EBE980}.Release|x64.ActiveCfg = Release|x64
		{ED8A498C-A43F-4328-BB78-F8DCF1EBE980}.Release|x64.Build.0 = Release|x64
		{ED8A498C-A43F-4328-BB78-F8DCF1EBE980}.Release|x86.ActiveCfg = Release|x86
		{ED8A498C-A43F-4328-BB78-F8DCF1EBE980}.Release|x86.Build.0 = Release|x86
		{2967CC2B-03E5-4CF5-8D4C-4102222ED269}.Debug|Any CPU.ActiveCfg = Debug|Any CPU
		{2967CC2B-03E5-4CF5-8D4C-4102222ED269}.Debug|Any CPU.Build.0 = Debug|Any CPU
		{2967CC2B-03E5-4CF5-8D4C-4102222ED269}.Debug|x64.ActiveCfg = Debug|Any CPU
		{2967CC2B-03E5-4CF5-8D4C-4102222ED269}.Debug|x64.Build.0 = Debug|Any CPU
		{2967CC2B-03E5-4CF5-8D4C-4102222ED269}.Debug|x86.ActiveCfg = Debug|Any CPU
		{2967CC2B-03E5-4CF5-8D4C-4102222ED269}.Debug|x86.Build.0 = Debug|Any CPU
		{2967CC2B-03E5-4CF5-8D4C-4102222ED269}.Release|Any CPU.ActiveCfg = Release|Any CPU
		{2967CC2B-03E5-4CF5-8D4C-4102222ED269}.Release|Any CPU.Build.0 = Release|Any CPU
		{2967CC2B-03E5-4CF5-8D4C-4102222ED269}.Release|x64.ActiveCfg = Release|Any CPU
		{2967CC2B-03E5-4CF5-8D4C-4102222ED269}.Release|x64.Build.0 = Release|Any CPU
		{2967CC2B-03E5-4CF5-8D4C-4102222ED269}.Release|x86.ActiveCfg = Release|Any CPU
		{2967CC2B-03E5-4CF5-8D4C-4102222ED269}.Release|x86.Build.0 = Release|Any CPU
		{BCF06A44-8406-406E-A10D-2CE4175E8240}.Debug|Any CPU.ActiveCfg = Debug|Any CPU
		{BCF06A44-8406-406E-A10D-2CE4175E8240}.Debug|Any CPU.Build.0 = Debug|Any CPU
		{BCF06A44-8406-406E-A10D-2CE4175E8240}.Debug|x64.ActiveCfg = Debug|Any CPU
		{BCF06A44-8406-406E-A10D-2CE4175E8240}.Debug|x64.Build.0 = Debug|Any CPU
		{BCF06A44-8406-406E-A10D-2CE4175E8240}.Debug|x86.ActiveCfg = Debug|Any CPU
		{BCF06A44-8406-406E-A10D-2CE4175E8240}.Debug|x86.Build.0 = Debug|Any CPU
		{BCF06A44-8406-406E-A10D-2CE4175E8240}.Release|Any CPU.ActiveCfg = Release|Any CPU
		{BCF06A44-8406-406E-A10D-2CE4175E8240}.Release|Any CPU.Build.0 = Release|Any CPU
		{BCF06A44-8406-406E-A10D-2CE4175E8240}.Release|x64.ActiveCfg = Release|Any CPU
		{BCF06A44-8406-406E-A10D-2CE4175E8240}.Release|x64.Build.0 = Release|Any CPU
		{BCF06A44-8406-406E-A10D-2CE4175E8240}.Release|x86.ActiveCfg = Release|Any CPU
		{BCF06A44-8406-406E-A10D-2CE4175E8240}.Release|x86.Build.0 = Release|Any CPU
		{741CDC33-D582-456E-B5C7-BD36949B3DD5}.Debug|Any CPU.ActiveCfg = Debug|Any CPU
		{741CDC33-D582-456E-B5C7-BD36949B3DD5}.Debug|Any CPU.Build.0 = Debug|Any CPU
		{741CDC33-D582-456E-B5C7-BD36949B3DD5}.Debug|x64.ActiveCfg = Debug|Any CPU
		{741CDC33-D582-456E-B5C7-BD36949B3DD5}.Debug|x64.Build.0 = Debug|Any CPU
		{741CDC33-D582-456E-B5C7-BD36949B3DD5}.Debug|x86.ActiveCfg = Debug|Any CPU
		{741CDC33-D582-456E-B5C7-BD36949B3DD5}.Debug|x86.Build.0 = Debug|Any CPU
		{741CDC33-D582-456E-B5C7-BD36949B3DD5}.Release|Any CPU.ActiveCfg = Release|Any CPU
		{741CDC33-D582-456E-B5C7-BD36949B3DD5}.Release|Any CPU.Build.0 = Release|Any CPU
		{741CDC33-D582-456E-B5C7-BD36949B3DD5}.Release|x64.ActiveCfg = Release|Any CPU
		{741CDC33-D582-456E-B5C7-BD36949B3DD5}.Release|x64.Build.0 = Release|Any CPU
		{741CDC33-D582-456E-B5C7-BD36949B3DD5}.Release|x86.ActiveCfg = Release|Any CPU
		{741CDC33-D582-456E-B5C7-BD36949B3DD5}.Release|x86.Build.0 = Release|Any CPU
		{D1468C1C-8C30-47F8-A3BD-EF3D109DA3F2}.Debug|Any CPU.ActiveCfg = Debug|Any CPU
		{D1468C1C-8C30-47F8-A3BD-EF3D109DA3F2}.Debug|Any CPU.Build.0 = Debug|Any CPU
		{D1468C1C-8C30-47F8-A3BD-EF3D109DA3F2}.Debug|x64.ActiveCfg = Debug|Any CPU
		{D1468C1C-8C30-47F8-A3BD-EF3D109DA3F2}.Debug|x64.Build.0 = Debug|Any CPU
		{D1468C1C-8C30-47F8-A3BD-EF3D109DA3F2}.Debug|x86.ActiveCfg = Debug|Any CPU
		{D1468C1C-8C30-47F8-A3BD-EF3D109DA3F2}.Debug|x86.Build.0 = Debug|Any CPU
		{D1468C1C-8C30-47F8-A3BD-EF3D109DA3F2}.Release|Any CPU.ActiveCfg = Release|Any CPU
		{D1468C1C-8C30-47F8-A3BD-EF3D109DA3F2}.Release|Any CPU.Build.0 = Release|Any CPU
		{D1468C1C-8C30-47F8-A3BD-EF3D109DA3F2}.Release|x64.ActiveCfg = Release|Any CPU
		{D1468C1C-8C30-47F8-A3BD-EF3D109DA3F2}.Release|x64.Build.0 = Release|Any CPU
		{D1468C1C-8C30-47F8-A3BD-EF3D109DA3F2}.Release|x86.ActiveCfg = Release|Any CPU
		{D1468C1C-8C30-47F8-A3BD-EF3D109DA3F2}.Release|x86.Build.0 = Release|Any CPU
		{E38CEDE7-E608-4048-8ADB-6CFD563D87E5}.Debug|Any CPU.ActiveCfg = Debug|Any CPU
		{E38CEDE7-E608-4048-8ADB-6CFD563D87E5}.Debug|Any CPU.Build.0 = Debug|Any CPU
		{E38CEDE7-E608-4048-8ADB-6CFD563D87E5}.Debug|x64.ActiveCfg = Debug|Any CPU
		{E38CEDE7-E608-4048-8ADB-6CFD563D87E5}.Debug|x64.Build.0 = Debug|Any CPU
		{E38CEDE7-E608-4048-8ADB-6CFD563D87E5}.Debug|x86.ActiveCfg = Debug|Any CPU
		{E38CEDE7-E608-4048-8ADB-6CFD563D87E5}.Debug|x86.Build.0 = Debug|Any CPU
		{E38CEDE7-E608-4048-8ADB-6CFD563D87E5}.Release|Any CPU.ActiveCfg = Release|Any CPU
		{E38CEDE7-E608-4048-8ADB-6CFD563D87E5}.Release|Any CPU.Build.0 = Release|Any CPU
		{E38CEDE7-E608-4048-8ADB-6CFD563D87E5}.Release|x64.ActiveCfg = Release|Any CPU
		{E38CEDE7-E608-4048-8ADB-6CFD563D87E5}.Release|x64.Build.0 = Release|Any CPU
		{E38CEDE7-E608-4048-8ADB-6CFD563D87E5}.Release|x86.ActiveCfg = Release|Any CPU
		{E38CEDE7-E608-4048-8ADB-6CFD563D87E5}.Release|x86.Build.0 = Release|Any CPU
	EndGlobalSection
	GlobalSection(SolutionProperties) = preSolution
		HideSolutionNode = FALSE
	EndGlobalSection
	GlobalSection(NestedProjects) = preSolution
		{8E20FA4F-0B69-4454-B799-654939502DB5} = {9E2B6DB2-A1D2-4E89-84C4-443536A422A1}
		{7770773E-E0E6-4546-BC78-8947E47A62CD} = {80F58D7F-6EF6-465D-B74B-27DAEC36EFE8}
		{B5904ADC-73C7-4269-9B8A-D58566BE2828} = {24502299-7B76-417B-A666-7A2D1C0DA248}
		{5F668044-97A0-40A3-943F-77F40FE65B37} = {24502299-7B76-417B-A666-7A2D1C0DA248}
		{16A24742-A896-4F66-A727-1D70855B8357} = {80F58D7F-6EF6-465D-B74B-27DAEC36EFE8}
		{0CF2851F-D280-4153-972B-1C6348CE25CA} = {24502299-7B76-417B-A666-7A2D1C0DA248}
		{1B1AEB1D-0BD2-485C-8B95-7CE519B3CD38} = {24502299-7B76-417B-A666-7A2D1C0DA248}
		{B7B8DD6F-E23A-494E-845D-E6DDF18892B7} = {AB3D906E-D279-4861-8F90-B017CE0CE61B}
		{44AC5713-90C3-484B-9F65-4D71BC395905} = {80F58D7F-6EF6-465D-B74B-27DAEC36EFE8}
		{24E791C3-3337-49F9-ABCA-00D149B6B928} = {80F58D7F-6EF6-465D-B74B-27DAEC36EFE8}
		{9FAE9B59-27B9-4317-AEE9-96C8513D1C99} = {80F58D7F-6EF6-465D-B74B-27DAEC36EFE8}
		{0026FDE2-A0CF-48A8-B3BC-63575B919EE3} = {80F58D7F-6EF6-465D-B74B-27DAEC36EFE8}
		{AC32E1B4-5F37-442A-8293-20F98BCBDC8E} = {80F58D7F-6EF6-465D-B74B-27DAEC36EFE8}
		{4BC019B0-D315-4224-852F-BDACA04CD146} = {24502299-7B76-417B-A666-7A2D1C0DA248}
		{ED8A498C-A43F-4328-BB78-F8DCF1EBE980} = {D3E16343-1520-4AA2-9AD7-00AE0C97B738}
		{2967CC2B-03E5-4CF5-8D4C-4102222ED269} = {80F58D7F-6EF6-465D-B74B-27DAEC36EFE8}
		{BCF06A44-8406-406E-A10D-2CE4175E8240} = {24502299-7B76-417B-A666-7A2D1C0DA248}
		{741CDC33-D582-456E-B5C7-BD36949B3DD5} = {80F58D7F-6EF6-465D-B74B-27DAEC36EFE8}
		{D1468C1C-8C30-47F8-A3BD-EF3D109DA3F2} = {24502299-7B76-417B-A666-7A2D1C0DA248}
		{E38CEDE7-E608-4048-8ADB-6CFD563D87E5} = {24502299-7B76-417B-A666-7A2D1C0DA248}
	EndGlobalSection
	GlobalSection(ExtensibilityGlobals) = postSolution
		SolutionGuid = {B0625811-6AFC-40F0-B841-CD20E2CB5E66}
	EndGlobalSection
EndGlobal
