
Microsoft Visual Studio Solution File, Format Version 12.00
# Visual Studio Version 16
VisualStudioVersion = 16.0.29709.97
MinimumVisualStudioVersion = 10.0.40219.1
Project("{9A19103F-16F7-4668-BE54-9A1E7A4F7556}") = "uri1091", "Ad-Hoc\uri1091\uri1091.csproj", "{F9570839-9D69-4C0E-9E66-4DF9E68C95A6}"
EndProject
Project("{9A19103F-16F7-4668-BE54-9A1E7A4F7556}") = "uri1166", "Paradigmas\uri1166\uri1166.csproj", "{157F21E9-39DF-4FAE-AE7E-742F8F23C998}"
EndProject
Project("{9A19103F-16F7-4668-BE54-9A1E7A4F7556}") = "uri1171", "Ad-Hoc\uri1171\uri1171.csproj", "{18CE595B-955F-403A-8629-077B25E67FE1}"
EndProject
Project("{9A19103F-16F7-4668-BE54-9A1E7A4F7556}") = "uri1192", "Ad-Hoc\uri1192\uri1192.csproj", "{2F89D77B-02EB-4677-93F5-12BE87DDDA20}"
EndProject
Project("{9A19103F-16F7-4668-BE54-9A1E7A4F7556}") = "uri1197", "Matematica\uri1197\uri1197.csproj", "{0F506495-90B8-43DD-9458-EA9F64839171}"
EndProject
Project("{9A19103F-16F7-4668-BE54-9A1E7A4F7556}") = "uri1238", "Strings\uri1238\uri1238.csproj", "{BDB88EB1-DDE9-44A1-8B06-84FEB6F9E565}"
EndProject
Project("{9A19103F-16F7-4668-BE54-9A1E7A4F7556}") = "uri1250", "Ad-Hoc\uri1250\uri1250.csproj", "{24332880-10B0-465C-8178-E406E7CF66CC}"
EndProject
Project("{9A19103F-16F7-4668-BE54-9A1E7A4F7556}") = "uri1253", "Strings\uri1253\uri1253.csproj", "{DB9AADDC-A192-4B61-8BB6-B3E85BCF48AB}"
EndProject
Project("{9A19103F-16F7-4668-BE54-9A1E7A4F7556}") = "uri1257", "Strings\uri1257\uri1257.csproj", "{31A63860-CA06-42E0-A54B-CE54681B8007}"
EndProject
Project("{9A19103F-16F7-4668-BE54-9A1E7A4F7556}") = "uri1262", "Strings\uri1262\uri1262.csproj", "{E490214C-15FA-47FA-A459-167D8802D2F2}"
EndProject
Project("{9A19103F-16F7-4668-BE54-9A1E7A4F7556}") = "uri1281", "EstruturasBibliotecas\uri1281\uri1281.csproj", "{CF094DFC-D097-4D6E-B9A8-F25A79F1B680}"
EndProject
Project("{9A19103F-16F7-4668-BE54-9A1E7A4F7556}") = "uri1300", "Ad-Hoc\uri1300\uri1300.csproj", "{2F186769-011D-4748-A785-6EF2598E7B1B}"
EndProject
Project("{9A19103F-16F7-4668-BE54-9A1E7A4F7556}") = "uri1310", "Paradigmas\uri1310\uri1310.csproj", "{6915C068-7EBC-47D4-9E85-637FBA88A6B3}"
EndProject
Project("{9A19103F-16F7-4668-BE54-9A1E7A4F7556}") = "uri1323", "Matematica\uri1323\uri1323.csproj", "{6C88901E-A7E7-4141-ACAC-8743D2126DA6}"
EndProject
Project("{9A19103F-16F7-4668-BE54-9A1E7A4F7556}") = "uri1329", "Ad-Hoc\uri1329\uri1329.csproj", "{E9C16F78-3941-4A79-8E75-7B6C18B607C3}"
EndProject
Project("{9A19103F-16F7-4668-BE54-9A1E7A4F7556}") = "uri1366", "Ad-Hoc\uri1366\uri1366.csproj", "{C8D8367A-215E-4E4E-BC71-4074EFB467E2}"
EndProject
Project("{9A19103F-16F7-4668-BE54-9A1E7A4F7556}") = "uri1379", "Ad-Hoc\uri1379\uri1379.csproj", "{8D28F24A-127C-4CF8-8772-915D94802FB5}"
EndProject
Project("{9A19103F-16F7-4668-BE54-9A1E7A4F7556}") = "uri1387", "Ad-Hoc\uri1387\uri1387.csproj", "{21864756-949B-45A5-B235-3F93147FCA08}"
EndProject
Project("{9A19103F-16F7-4668-BE54-9A1E7A4F7556}") = "uri1393", "Matematica\uri1393\uri1393.csproj", "{71334286-7A98-4898-9B51-DCBA574FCE53}"
EndProject
Project("{9A19103F-16F7-4668-BE54-9A1E7A4F7556}") = "uri1397", "Ad-Hoc\uri1397\uri1397.csproj", "{F331902E-CDB6-4C71-9A6D-8087A751FDFE}"
EndProject
Project("{9A19103F-16F7-4668-BE54-9A1E7A4F7556}") = "uri1428", "Ad-Hoc\uri1428\uri1428.csproj", "{FE49DC9B-5E60-4A8A-A56D-CA5CDD1F0D64}"
EndProject
Project("{9A19103F-16F7-4668-BE54-9A1E7A4F7556}") = "uri1429", "Matematica\uri1429\uri1429.csproj", "{AA90BBCF-D6DE-47A5-84A9-1655773444A8}"
EndProject
Project("{9A19103F-16F7-4668-BE54-9A1E7A4F7556}") = "uri1430", "EstruturasBibliotecas\uri1430\uri1430.csproj", "{BBBE14AC-8D06-46A6-862E-5C1F78F9D190}"
EndProject
Project("{9A19103F-16F7-4668-BE54-9A1E7A4F7556}") = "uri1436", "Matematica\uri1436\uri1436.csproj", "{02E80814-6F83-4B6C-A9CB-11A5C3B4A62A}"
EndProject
Project("{9A19103F-16F7-4668-BE54-9A1E7A4F7556}") = "uri1546", "Ad-Hoc\uri1546\uri1546.csproj", "{47D07800-5D92-4966-8A50-7E9F762C0F14}"
EndProject
Project("{9A19103F-16F7-4668-BE54-9A1E7A4F7556}") = "uri1548", "EstruturasBibliotecas\uri1548\uri1548.csproj", "{D70CB013-337D-42B2-9602-59546C176522}"
EndProject
Project("{9A19103F-16F7-4668-BE54-9A1E7A4F7556}") = "uri1573", "Ad-Hoc\uri1573\uri1573.csproj", "{650043A7-EDFB-4F22-84AE-BD5AB7D143A2}"
EndProject
Project("{9A19103F-16F7-4668-BE54-9A1E7A4F7556}") = "uri1743", "Ad-Hoc\uri1743\uri1743.csproj", "{F94836E8-BCD6-4525-B974-3844BB75C69B}"
EndProject
Project("{9A19103F-16F7-4668-BE54-9A1E7A4F7556}") = "uri1761", "Matematica\uri1761\uri1761.csproj", "{DDD11089-3EFE-4CEA-ACC5-629B52C9396C}"
EndProject
Project("{9A19103F-16F7-4668-BE54-9A1E7A4F7556}") = "uri1794", "Ad-Hoc\uri1794\uri1794.csproj", "{3FE84669-FF2F-4177-8246-9A91D5DCFE14}"
EndProject
Project("{9A19103F-16F7-4668-BE54-9A1E7A4F7556}") = "uri1873", "Strings\uri1873\uri1873.csproj", "{605C8624-125D-47FF-AC08-B86E6A4E2896}"
EndProject
Project("{9A19103F-16F7-4668-BE54-9A1E7A4F7556}") = "uri1876", "Ad-Hoc\uri1876\uri1876.csproj", "{AD89EF41-3DA6-45E7-AE4C-C397CF729C5E}"
EndProject
Project("{9A19103F-16F7-4668-BE54-9A1E7A4F7556}") = "uri1936", "Ad-Hoc\uri1936\uri1936.csproj", "{5A10864F-E841-42FA-9E85-9C612075A876}"
EndProject
Project("{9A19103F-16F7-4668-BE54-9A1E7A4F7556}") = "uri1943", "Ad-Hoc\uri1943\uri1943.csproj", "{6AD3C08E-5DF2-4590-81EA-90E2AA9FA4C5}"
EndProject
Project("{9A19103F-16F7-4668-BE54-9A1E7A4F7556}") = "uri2137", "Strings\uri2137\uri2137.csproj", "{87A052CE-521C-4AE2-B41C-DF389B627F77}"
EndProject
Project("{9A19103F-16F7-4668-BE54-9A1E7A4F7556}") = "uri2157", "Strings\uri2157\uri2157.csproj", "{6EC96DB5-D084-439B-87D6-C17D5F8124E8}"
EndProject
Project("{9A19103F-16F7-4668-BE54-9A1E7A4F7556}") = "uri2168", "Iniciante\uri2168\uri2168.csproj", "{5D383F08-5F99-4607-8DBB-8B961A94DCE8}"
EndProject
Project("{9A19103F-16F7-4668-BE54-9A1E7A4F7556}") = "uri2232", "Matematica\uri2232\uri2232.csproj", "{4E324EA5-9213-4D58-BEB8-8AEAD1544D88}"
EndProject
Project("{9A19103F-16F7-4668-BE54-9A1E7A4F7556}") = "uri2293", "Ad-Hoc\uri2293\uri2293.csproj", "{2F6321B1-BB77-4F07-AE07-3312ABCFCB76}"
EndProject
Project("{9A19103F-16F7-4668-BE54-9A1E7A4F7556}") = "uri2295", "Ad-Hoc\uri2295\uri2295.csproj", "{918185F0-787C-4D3E-A16A-70F7A1160A45}"
EndProject
Project("{9A19103F-16F7-4668-BE54-9A1E7A4F7556}") = "uri2328", "Ad-Hoc\uri2328\uri2328.csproj", "{B03F8DBA-DA08-493B-A928-1023B656EBED}"
EndProject
Project("{9A19103F-16F7-4668-BE54-9A1E7A4F7556}") = "uri2339", "Ad-Hoc\uri2339\uri2339.csproj", "{E3AF2433-71CC-4547-A95F-77EE325307AE}"
EndProject
Project("{9A19103F-16F7-4668-BE54-9A1E7A4F7556}") = "uri2342", "Ad-Hoc\uri2342\uri2342.csproj", "{4535BB63-4384-4429-B61B-E21EC351D526}"
EndProject
Project("{9A19103F-16F7-4668-BE54-9A1E7A4F7556}") = "uri2344", "Iniciante\uri2344\uri2344.csproj", "{78D0CEB8-29C1-4774-B32E-64FE346F9D80}"
EndProject
Project("{9A19103F-16F7-4668-BE54-9A1E7A4F7556}") = "uri2373", "Ad-Hoc\uri2373\uri2373.csproj", "{ED6E0BB3-86B8-4485-BD3F-C9896A7B31DC}"
EndProject
Project("{9A19103F-16F7-4668-BE54-9A1E7A4F7556}") = "uri2375", "Ad-Hoc\uri2375\uri2375.csproj", "{2545B679-40DC-49E7-B881-EFA46B77F64B}"
EndProject
Project("{9A19103F-16F7-4668-BE54-9A1E7A4F7556}") = "uri2377", "Ad-Hoc\uri2377\uri2377.csproj", "{502E7873-AD48-4352-828C-0E7A834E0820}"
EndProject
Project("{9A19103F-16F7-4668-BE54-9A1E7A4F7556}") = "uri2381", "Ad-Hoc\uri2381\uri2381.csproj", "{E62D0EEB-1F4D-4077-B302-07EC95CE2F4D}"
EndProject
Project("{9A19103F-16F7-4668-BE54-9A1E7A4F7556}") = "uri2395", "Ad-Hoc\uri2395\uri2395.csproj", "{1A6EEB1B-8A98-4829-B7DF-57E2B79A420D}"
EndProject
Project("{9A19103F-16F7-4668-BE54-9A1E7A4F7556}") = "uri2396", "Ad-Hoc\uri2396\uri2396.csproj", "{EBCCBCA5-38E9-4CC5-823F-724816121728}"
EndProject
Project("{9A19103F-16F7-4668-BE54-9A1E7A4F7556}") = "uri2414", "Ad-Hoc\uri2414\uri2414.csproj", "{817A5E98-63C9-4058-ABD2-621787DF8CE5}"
EndProject
Project("{9A19103F-16F7-4668-BE54-9A1E7A4F7556}") = "uri2416", "Ad-Hoc\uri2416\uri2416.csproj", "{7397DA95-01F8-4FFF-84AC-016BC8F45663}"
EndProject
Project("{9A19103F-16F7-4668-BE54-9A1E7A4F7556}") = "uri2417", "Ad-Hoc\uri2417\uri2417.csproj", "{19788B5C-F070-4E14-97F8-1EEAE4800D19}"
EndProject
Project("{9A19103F-16F7-4668-BE54-9A1E7A4F7556}") = "uri2424", "Ad-Hoc\uri2424\uri2424.csproj", "{8DEBFF52-D93D-45ED-B843-0296675BD721}"
EndProject
Project("{9A19103F-16F7-4668-BE54-9A1E7A4F7556}") = "uri2434", "Ad-Hoc\uri2434\uri2434.csproj", "{2211FFD1-329E-4061-9AB1-EDBAE786B78E}"
EndProject
Project("{9A19103F-16F7-4668-BE54-9A1E7A4F7556}") = "uri2454", "Ad-Hoc\uri2454\uri2454.csproj", "{1B4DBB7C-8C30-4DAD-BD5A-70DAF226247E}"
EndProject
Project("{9A19103F-16F7-4668-BE54-9A1E7A4F7556}") = "uri2455", "Ad-Hoc\uri2455\uri2455.csproj", "{AE2F0C6B-2E20-428E-BAFA-6B42F1B41E3A}"
EndProject
Project("{9A19103F-16F7-4668-BE54-9A1E7A4F7556}") = "uri2464", "Ad-Hoc\uri2464\uri2464.csproj", "{2178D371-DBB5-4937-B026-BF9A481D5A4B}"
EndProject
Project("{9A19103F-16F7-4668-BE54-9A1E7A4F7556}") = "uri2473", "Ad-Hoc\uri2473\uri2473.csproj", "{B9D541FF-C747-4E03-B7E9-B568B3595E37}"
EndProject
Project("{9A19103F-16F7-4668-BE54-9A1E7A4F7556}") = "uri2483", "Iniciante\uri2483\uri2483.csproj", "{ABF78FA9-D785-4F6A-B17A-E409E5210862}"
EndProject
Project("{9A19103F-16F7-4668-BE54-9A1E7A4F7556}") = "uri2510", "Iniciante\uri2510\uri2510.csproj", "{58973029-7611-476C-B7F4-5914EA43F3D0}"
EndProject
Project("{9A19103F-16F7-4668-BE54-9A1E7A4F7556}") = "uri2523", "Iniciante\uri2523\uri2523.csproj", "{253E73F1-A3B3-4756-92A6-E438DF852615}"
EndProject
Project("{9A19103F-16F7-4668-BE54-9A1E7A4F7556}") = "uri2533", "Iniciante\uri2533\uri2533.csproj", "{1C3EDAB4-A0CF-4756-B0DD-840BF20274E5}"
EndProject
Project("{9A19103F-16F7-4668-BE54-9A1E7A4F7556}") = "uri2534", "Iniciante\uri2534\uri2534.csproj", "{8C82F5B5-C5D8-4C14-B6A9-DB21280C28F2}"
EndProject
Project("{9A19103F-16F7-4668-BE54-9A1E7A4F7556}") = "uri2540", "Iniciante\uri2540\uri2540.csproj", "{3A92CE3B-1F16-433A-98FD-76154914F62E}"
EndProject
Project("{9A19103F-16F7-4668-BE54-9A1E7A4F7556}") = "uri2543", "Iniciante\uri2543\uri2543.csproj", "{45D5FD5C-363E-46E2-A127-ED58AF17189F}"
EndProject
Project("{9A19103F-16F7-4668-BE54-9A1E7A4F7556}") = "uri2547", "Iniciante\uri2547\uri2547.csproj", "{FC3C3A30-1932-48F7-AFA1-A4FDBCD1E034}"
EndProject
Project("{9A19103F-16F7-4668-BE54-9A1E7A4F7556}") = "uri2581", "Iniciante\uri2581\uri2581.csproj", "{EB5A0B49-2121-4743-91CC-313539A8EC6C}"
EndProject
Project("{9A19103F-16F7-4668-BE54-9A1E7A4F7556}") = "uri2582", "Iniciante\uri2582\uri2582.csproj", "{734B1DD2-6747-462F-8623-768318838638}"
EndProject
Project("{9A19103F-16F7-4668-BE54-9A1E7A4F7556}") = "uri2679", "Ad-Hoc\uri2679\uri2679.csproj", "{64CCD2CE-95DB-4D79-A8DA-2D5A0074FD2F}"
EndProject
Project("{9A19103F-16F7-4668-BE54-9A1E7A4F7556}") = "uri2694", "Strings\uri2694\uri2694.csproj", "{FA152B39-FC9F-4B0F-9CE3-95AF41614FC4}"
EndProject
Project("{9A19103F-16F7-4668-BE54-9A1E7A4F7556}") = "uri2708", "Iniciante\uri2708\uri2708.csproj", "{59241E1F-6617-4A4B-9A5F-D9BE20F49BFF}"
EndProject
Project("{9A19103F-16F7-4668-BE54-9A1E7A4F7556}") = "uri2717", "Iniciante\uri2717\uri2717.csproj", "{A8A07ABB-67D4-4A9C-A039-1C301E01BC66}"
EndProject
Project("{9A19103F-16F7-4668-BE54-9A1E7A4F7556}") = "uri2721", "Iniciante\uri2721\uri2721.csproj", "{14AB855E-A5FD-487C-A7FB-095263D7844E}"
EndProject
Project("{9A19103F-16F7-4668-BE54-9A1E7A4F7556}") = "uri2748", "Iniciante\uri2748\uri2748.csproj", "{C2909F1A-C742-46F6-BC42-24A66FC61D6D}"
EndProject
Project("{9A19103F-16F7-4668-BE54-9A1E7A4F7556}") = "uri2752", "Iniciante\uri2752\uri2752.csproj", "{0C27834F-2F1E-4F4F-B96A-212B0B433AC4}"
EndProject
Project("{9A19103F-16F7-4668-BE54-9A1E7A4F7556}") = "uri2754", "Iniciante\uri2754\uri2754.csproj", "{A38E8626-D456-48B4-8818-E2E70AAE4457}"
EndProject
Project("{9A19103F-16F7-4668-BE54-9A1E7A4F7556}") = "uri2756", "Iniciante\uri2756\uri2756.csproj", "{D43E845E-482B-4551-B729-C1CF089B0A6B}"
EndProject
Project("{9A19103F-16F7-4668-BE54-9A1E7A4F7556}") = "uri2759", "Iniciante\uri2759\uri2759.csproj", "{D60D29E5-167C-4C05-A8C1-76652D1FF1FA}"
EndProject
Project("{9A19103F-16F7-4668-BE54-9A1E7A4F7556}") = "uri2763", "Iniciante\uri2763\uri2763.csproj", "{CD4A3CED-4311-454D-9708-06D0CCE86CAE}"
EndProject
Project("{9A19103F-16F7-4668-BE54-9A1E7A4F7556}") = "uri2764", "Iniciante\uri2764\uri2764.csproj", "{D2C0F382-A827-4C57-83D7-77C5B37F42C4}"
EndProject
Project("{9A19103F-16F7-4668-BE54-9A1E7A4F7556}") = "uri2766", "Iniciante\uri2766\uri2766.csproj", "{79903F36-E739-46C9-92C9-976BA21D9044}"
EndProject
Project("{9A19103F-16F7-4668-BE54-9A1E7A4F7556}") = "uri2779", "Iniciante\uri2779\uri2779.csproj", "{C4231652-D152-4BA7-A4A3-A98892E787B0}"
EndProject
Project("{9A19103F-16F7-4668-BE54-9A1E7A4F7556}") = "uri2780", "Iniciante\uri2780\uri2780.csproj", "{A4DC8B12-037F-4FAC-81EA-844A32503202}"
EndProject
Project("{9A19103F-16F7-4668-BE54-9A1E7A4F7556}") = "uri2786", "Iniciante\uri2786\uri2786.csproj", "{6A2C0FD8-8AE4-4FC9-8DD4-7B119E641D7D}"
EndProject
Project("{9A19103F-16F7-4668-BE54-9A1E7A4F7556}") = "uri2787", "Iniciante\uri2787\uri2787.csproj", "{75201B96-E00E-4227-8BF2-A5FCE6B221D7}"
EndProject
Project("{9A19103F-16F7-4668-BE54-9A1E7A4F7556}") = "uri2791", "Iniciante\uri2791\uri2791.csproj", "{A291E4B3-8124-48DE-8000-BEAB611A2DC9}"
EndProject
Project("{9A19103F-16F7-4668-BE54-9A1E7A4F7556}") = "uri2807", "Iniciante\uri2807\uri2807.csproj", "{B47149B7-0E4C-447E-B0ED-53E8618D372C}"
EndProject
Project("{9A19103F-16F7-4668-BE54-9A1E7A4F7556}") = "uri2808", "Iniciante\uri2808\uri2808.csproj", "{9F473EEF-F9BA-407A-8B34-30C843C7D35D}"
EndProject
Project("{9A19103F-16F7-4668-BE54-9A1E7A4F7556}") = "uri2826", "Iniciante\uri2826\uri2826.csproj", "{3B16ADCF-660B-427F-8D99-FDAF4CB5AD8E}"
EndProject
Project("{9A19103F-16F7-4668-BE54-9A1E7A4F7556}") = "uri2845", "Iniciante\uri2845\uri2845.csproj", "{016D6C3C-E7F5-4A5B-BDC5-3E7DD326468D}"
EndProject
Project("{9A19103F-16F7-4668-BE54-9A1E7A4F7556}") = "uri2862", "Iniciante\uri2862\uri2862.csproj", "{AE37D18E-1F49-40FE-B58B-027B1DE1C907}"
EndProject
Project("{9A19103F-16F7-4668-BE54-9A1E7A4F7556}") = "uri2879", "Iniciante\uri2879\uri2879.csproj", "{3284B042-7F8D-42B8-874F-F7845747D8E1}"
EndProject
Project("{9A19103F-16F7-4668-BE54-9A1E7A4F7556}") = "uri2896", "Iniciante\uri2896\uri2896.csproj", "{F8068CF6-0DA2-4DE4-807C-8E547DD11317}"
EndProject
Project("{9A19103F-16F7-4668-BE54-9A1E7A4F7556}") = "uri2949", "Iniciante\uri2949\uri2949.csproj", "{DB33DDFE-F840-409E-9924-B94B8099E24F}"
EndProject
Project("{9A19103F-16F7-4668-BE54-9A1E7A4F7556}") = "uri2950", "Iniciante\uri2950\uri2950.csproj", "{415154D1-41DA-49E2-AC64-47FEAF6B92AB}"
EndProject
Project("{9A19103F-16F7-4668-BE54-9A1E7A4F7556}") = "uri2951", "Iniciante\uri2951\uri2951.csproj", "{B67E4ACC-20DB-4A12-9506-3DE54F8DC3FD}"
EndProject
Project("{9A19103F-16F7-4668-BE54-9A1E7A4F7556}") = "uri2952", "Iniciante\uri2952\uri2952.csproj", "{48B75612-450C-4221-99D7-77755B91F026}"
EndProject
Project("{9A19103F-16F7-4668-BE54-9A1E7A4F7556}") = "uri2963", "Iniciante\uri2963\uri2963.csproj", "{D2BCFE00-02B8-412D-B332-85E651DEFD54}"
EndProject
Global
	GlobalSection(SolutionConfigurationPlatforms) = preSolution
		Debug|Any CPU = Debug|Any CPU
		Release|Any CPU = Release|Any CPU
	EndGlobalSection
	GlobalSection(ProjectConfigurationPlatforms) = postSolution
		{F9570839-9D69-4C0E-9E66-4DF9E68C95A6}.Debug|Any CPU.ActiveCfg = Debug|Any CPU
		{F9570839-9D69-4C0E-9E66-4DF9E68C95A6}.Debug|Any CPU.Build.0 = Debug|Any CPU
		{F9570839-9D69-4C0E-9E66-4DF9E68C95A6}.Release|Any CPU.ActiveCfg = Release|Any CPU
		{F9570839-9D69-4C0E-9E66-4DF9E68C95A6}.Release|Any CPU.Build.0 = Release|Any CPU
		{157F21E9-39DF-4FAE-AE7E-742F8F23C998}.Debug|Any CPU.ActiveCfg = Debug|Any CPU
		{157F21E9-39DF-4FAE-AE7E-742F8F23C998}.Debug|Any CPU.Build.0 = Debug|Any CPU
		{157F21E9-39DF-4FAE-AE7E-742F8F23C998}.Release|Any CPU.ActiveCfg = Release|Any CPU
		{157F21E9-39DF-4FAE-AE7E-742F8F23C998}.Release|Any CPU.Build.0 = Release|Any CPU
		{18CE595B-955F-403A-8629-077B25E67FE1}.Debug|Any CPU.ActiveCfg = Debug|Any CPU
		{18CE595B-955F-403A-8629-077B25E67FE1}.Debug|Any CPU.Build.0 = Debug|Any CPU
		{18CE595B-955F-403A-8629-077B25E67FE1}.Release|Any CPU.ActiveCfg = Release|Any CPU
		{18CE595B-955F-403A-8629-077B25E67FE1}.Release|Any CPU.Build.0 = Release|Any CPU
		{2F89D77B-02EB-4677-93F5-12BE87DDDA20}.Debug|Any CPU.ActiveCfg = Debug|Any CPU
		{2F89D77B-02EB-4677-93F5-12BE87DDDA20}.Debug|Any CPU.Build.0 = Debug|Any CPU
		{2F89D77B-02EB-4677-93F5-12BE87DDDA20}.Release|Any CPU.ActiveCfg = Release|Any CPU
		{2F89D77B-02EB-4677-93F5-12BE87DDDA20}.Release|Any CPU.Build.0 = Release|Any CPU
		{0F506495-90B8-43DD-9458-EA9F64839171}.Debug|Any CPU.ActiveCfg = Debug|Any CPU
		{0F506495-90B8-43DD-9458-EA9F64839171}.Debug|Any CPU.Build.0 = Debug|Any CPU
		{0F506495-90B8-43DD-9458-EA9F64839171}.Release|Any CPU.ActiveCfg = Release|Any CPU
		{0F506495-90B8-43DD-9458-EA9F64839171}.Release|Any CPU.Build.0 = Release|Any CPU
		{BDB88EB1-DDE9-44A1-8B06-84FEB6F9E565}.Debug|Any CPU.ActiveCfg = Debug|Any CPU
		{BDB88EB1-DDE9-44A1-8B06-84FEB6F9E565}.Debug|Any CPU.Build.0 = Debug|Any CPU
		{BDB88EB1-DDE9-44A1-8B06-84FEB6F9E565}.Release|Any CPU.ActiveCfg = Release|Any CPU
		{BDB88EB1-DDE9-44A1-8B06-84FEB6F9E565}.Release|Any CPU.Build.0 = Release|Any CPU
		{24332880-10B0-465C-8178-E406E7CF66CC}.Debug|Any CPU.ActiveCfg = Debug|Any CPU
		{24332880-10B0-465C-8178-E406E7CF66CC}.Debug|Any CPU.Build.0 = Debug|Any CPU
		{24332880-10B0-465C-8178-E406E7CF66CC}.Release|Any CPU.ActiveCfg = Release|Any CPU
		{24332880-10B0-465C-8178-E406E7CF66CC}.Release|Any CPU.Build.0 = Release|Any CPU
		{DB9AADDC-A192-4B61-8BB6-B3E85BCF48AB}.Debug|Any CPU.ActiveCfg = Debug|Any CPU
		{DB9AADDC-A192-4B61-8BB6-B3E85BCF48AB}.Debug|Any CPU.Build.0 = Debug|Any CPU
		{DB9AADDC-A192-4B61-8BB6-B3E85BCF48AB}.Release|Any CPU.ActiveCfg = Release|Any CPU
		{DB9AADDC-A192-4B61-8BB6-B3E85BCF48AB}.Release|Any CPU.Build.0 = Release|Any CPU
		{31A63860-CA06-42E0-A54B-CE54681B8007}.Debug|Any CPU.ActiveCfg = Debug|Any CPU
		{31A63860-CA06-42E0-A54B-CE54681B8007}.Debug|Any CPU.Build.0 = Debug|Any CPU
		{31A63860-CA06-42E0-A54B-CE54681B8007}.Release|Any CPU.ActiveCfg = Release|Any CPU
		{31A63860-CA06-42E0-A54B-CE54681B8007}.Release|Any CPU.Build.0 = Release|Any CPU
		{E490214C-15FA-47FA-A459-167D8802D2F2}.Debug|Any CPU.ActiveCfg = Debug|Any CPU
		{E490214C-15FA-47FA-A459-167D8802D2F2}.Debug|Any CPU.Build.0 = Debug|Any CPU
		{E490214C-15FA-47FA-A459-167D8802D2F2}.Release|Any CPU.ActiveCfg = Release|Any CPU
		{E490214C-15FA-47FA-A459-167D8802D2F2}.Release|Any CPU.Build.0 = Release|Any CPU
		{CF094DFC-D097-4D6E-B9A8-F25A79F1B680}.Debug|Any CPU.ActiveCfg = Debug|Any CPU
		{CF094DFC-D097-4D6E-B9A8-F25A79F1B680}.Debug|Any CPU.Build.0 = Debug|Any CPU
		{CF094DFC-D097-4D6E-B9A8-F25A79F1B680}.Release|Any CPU.ActiveCfg = Release|Any CPU
		{CF094DFC-D097-4D6E-B9A8-F25A79F1B680}.Release|Any CPU.Build.0 = Release|Any CPU
		{2F186769-011D-4748-A785-6EF2598E7B1B}.Debug|Any CPU.ActiveCfg = Debug|Any CPU
		{2F186769-011D-4748-A785-6EF2598E7B1B}.Debug|Any CPU.Build.0 = Debug|Any CPU
		{2F186769-011D-4748-A785-6EF2598E7B1B}.Release|Any CPU.ActiveCfg = Release|Any CPU
		{2F186769-011D-4748-A785-6EF2598E7B1B}.Release|Any CPU.Build.0 = Release|Any CPU
		{6915C068-7EBC-47D4-9E85-637FBA88A6B3}.Debug|Any CPU.ActiveCfg = Debug|Any CPU
		{6915C068-7EBC-47D4-9E85-637FBA88A6B3}.Debug|Any CPU.Build.0 = Debug|Any CPU
		{6915C068-7EBC-47D4-9E85-637FBA88A6B3}.Release|Any CPU.ActiveCfg = Release|Any CPU
		{6915C068-7EBC-47D4-9E85-637FBA88A6B3}.Release|Any CPU.Build.0 = Release|Any CPU
		{6C88901E-A7E7-4141-ACAC-8743D2126DA6}.Debug|Any CPU.ActiveCfg = Debug|Any CPU
		{6C88901E-A7E7-4141-ACAC-8743D2126DA6}.Debug|Any CPU.Build.0 = Debug|Any CPU
		{6C88901E-A7E7-4141-ACAC-8743D2126DA6}.Release|Any CPU.ActiveCfg = Release|Any CPU
		{6C88901E-A7E7-4141-ACAC-8743D2126DA6}.Release|Any CPU.Build.0 = Release|Any CPU
		{E9C16F78-3941-4A79-8E75-7B6C18B607C3}.Debug|Any CPU.ActiveCfg = Debug|Any CPU
		{E9C16F78-3941-4A79-8E75-7B6C18B607C3}.Debug|Any CPU.Build.0 = Debug|Any CPU
		{E9C16F78-3941-4A79-8E75-7B6C18B607C3}.Release|Any CPU.ActiveCfg = Release|Any CPU
		{E9C16F78-3941-4A79-8E75-7B6C18B607C3}.Release|Any CPU.Build.0 = Release|Any CPU
		{C8D8367A-215E-4E4E-BC71-4074EFB467E2}.Debug|Any CPU.ActiveCfg = Debug|Any CPU
		{C8D8367A-215E-4E4E-BC71-4074EFB467E2}.Debug|Any CPU.Build.0 = Debug|Any CPU
		{C8D8367A-215E-4E4E-BC71-4074EFB467E2}.Release|Any CPU.ActiveCfg = Release|Any CPU
		{C8D8367A-215E-4E4E-BC71-4074EFB467E2}.Release|Any CPU.Build.0 = Release|Any CPU
		{8D28F24A-127C-4CF8-8772-915D94802FB5}.Debug|Any CPU.ActiveCfg = Debug|Any CPU
		{8D28F24A-127C-4CF8-8772-915D94802FB5}.Debug|Any CPU.Build.0 = Debug|Any CPU
		{8D28F24A-127C-4CF8-8772-915D94802FB5}.Release|Any CPU.ActiveCfg = Release|Any CPU
		{8D28F24A-127C-4CF8-8772-915D94802FB5}.Release|Any CPU.Build.0 = Release|Any CPU
		{21864756-949B-45A5-B235-3F93147FCA08}.Debug|Any CPU.ActiveCfg = Debug|Any CPU
		{21864756-949B-45A5-B235-3F93147FCA08}.Debug|Any CPU.Build.0 = Debug|Any CPU
		{21864756-949B-45A5-B235-3F93147FCA08}.Release|Any CPU.ActiveCfg = Release|Any CPU
		{21864756-949B-45A5-B235-3F93147FCA08}.Release|Any CPU.Build.0 = Release|Any CPU
		{71334286-7A98-4898-9B51-DCBA574FCE53}.Debug|Any CPU.ActiveCfg = Debug|Any CPU
		{71334286-7A98-4898-9B51-DCBA574FCE53}.Debug|Any CPU.Build.0 = Debug|Any CPU
		{71334286-7A98-4898-9B51-DCBA574FCE53}.Release|Any CPU.ActiveCfg = Release|Any CPU
		{71334286-7A98-4898-9B51-DCBA574FCE53}.Release|Any CPU.Build.0 = Release|Any CPU
		{F331902E-CDB6-4C71-9A6D-8087A751FDFE}.Debug|Any CPU.ActiveCfg = Debug|Any CPU
		{F331902E-CDB6-4C71-9A6D-8087A751FDFE}.Debug|Any CPU.Build.0 = Debug|Any CPU
		{F331902E-CDB6-4C71-9A6D-8087A751FDFE}.Release|Any CPU.ActiveCfg = Release|Any CPU
		{F331902E-CDB6-4C71-9A6D-8087A751FDFE}.Release|Any CPU.Build.0 = Release|Any CPU
		{FE49DC9B-5E60-4A8A-A56D-CA5CDD1F0D64}.Debug|Any CPU.ActiveCfg = Debug|Any CPU
		{FE49DC9B-5E60-4A8A-A56D-CA5CDD1F0D64}.Debug|Any CPU.Build.0 = Debug|Any CPU
		{FE49DC9B-5E60-4A8A-A56D-CA5CDD1F0D64}.Release|Any CPU.ActiveCfg = Release|Any CPU
		{FE49DC9B-5E60-4A8A-A56D-CA5CDD1F0D64}.Release|Any CPU.Build.0 = Release|Any CPU
		{AA90BBCF-D6DE-47A5-84A9-1655773444A8}.Debug|Any CPU.ActiveCfg = Debug|Any CPU
		{AA90BBCF-D6DE-47A5-84A9-1655773444A8}.Debug|Any CPU.Build.0 = Debug|Any CPU
		{AA90BBCF-D6DE-47A5-84A9-1655773444A8}.Release|Any CPU.ActiveCfg = Release|Any CPU
		{AA90BBCF-D6DE-47A5-84A9-1655773444A8}.Release|Any CPU.Build.0 = Release|Any CPU
		{BBBE14AC-8D06-46A6-862E-5C1F78F9D190}.Debug|Any CPU.ActiveCfg = Debug|Any CPU
		{BBBE14AC-8D06-46A6-862E-5C1F78F9D190}.Debug|Any CPU.Build.0 = Debug|Any CPU
		{BBBE14AC-8D06-46A6-862E-5C1F78F9D190}.Release|Any CPU.ActiveCfg = Release|Any CPU
		{BBBE14AC-8D06-46A6-862E-5C1F78F9D190}.Release|Any CPU.Build.0 = Release|Any CPU
		{02E80814-6F83-4B6C-A9CB-11A5C3B4A62A}.Debug|Any CPU.ActiveCfg = Debug|Any CPU
		{02E80814-6F83-4B6C-A9CB-11A5C3B4A62A}.Debug|Any CPU.Build.0 = Debug|Any CPU
		{02E80814-6F83-4B6C-A9CB-11A5C3B4A62A}.Release|Any CPU.ActiveCfg = Release|Any CPU
		{02E80814-6F83-4B6C-A9CB-11A5C3B4A62A}.Release|Any CPU.Build.0 = Release|Any CPU
		{47D07800-5D92-4966-8A50-7E9F762C0F14}.Debug|Any CPU.ActiveCfg = Debug|Any CPU
		{47D07800-5D92-4966-8A50-7E9F762C0F14}.Debug|Any CPU.Build.0 = Debug|Any CPU
		{47D07800-5D92-4966-8A50-7E9F762C0F14}.Release|Any CPU.ActiveCfg = Release|Any CPU
		{47D07800-5D92-4966-8A50-7E9F762C0F14}.Release|Any CPU.Build.0 = Release|Any CPU
		{D70CB013-337D-42B2-9602-59546C176522}.Debug|Any CPU.ActiveCfg = Debug|Any CPU
		{D70CB013-337D-42B2-9602-59546C176522}.Debug|Any CPU.Build.0 = Debug|Any CPU
		{D70CB013-337D-42B2-9602-59546C176522}.Release|Any CPU.ActiveCfg = Release|Any CPU
		{D70CB013-337D-42B2-9602-59546C176522}.Release|Any CPU.Build.0 = Release|Any CPU
		{650043A7-EDFB-4F22-84AE-BD5AB7D143A2}.Debug|Any CPU.ActiveCfg = Debug|Any CPU
		{650043A7-EDFB-4F22-84AE-BD5AB7D143A2}.Debug|Any CPU.Build.0 = Debug|Any CPU
		{650043A7-EDFB-4F22-84AE-BD5AB7D143A2}.Release|Any CPU.ActiveCfg = Release|Any CPU
		{650043A7-EDFB-4F22-84AE-BD5AB7D143A2}.Release|Any CPU.Build.0 = Release|Any CPU
		{F94836E8-BCD6-4525-B974-3844BB75C69B}.Debug|Any CPU.ActiveCfg = Debug|Any CPU
		{F94836E8-BCD6-4525-B974-3844BB75C69B}.Debug|Any CPU.Build.0 = Debug|Any CPU
		{F94836E8-BCD6-4525-B974-3844BB75C69B}.Release|Any CPU.ActiveCfg = Release|Any CPU
		{F94836E8-BCD6-4525-B974-3844BB75C69B}.Release|Any CPU.Build.0 = Release|Any CPU
		{DDD11089-3EFE-4CEA-ACC5-629B52C9396C}.Debug|Any CPU.ActiveCfg = Debug|Any CPU
		{DDD11089-3EFE-4CEA-ACC5-629B52C9396C}.Debug|Any CPU.Build.0 = Debug|Any CPU
		{DDD11089-3EFE-4CEA-ACC5-629B52C9396C}.Release|Any CPU.ActiveCfg = Release|Any CPU
		{DDD11089-3EFE-4CEA-ACC5-629B52C9396C}.Release|Any CPU.Build.0 = Release|Any CPU
		{3FE84669-FF2F-4177-8246-9A91D5DCFE14}.Debug|Any CPU.ActiveCfg = Debug|Any CPU
		{3FE84669-FF2F-4177-8246-9A91D5DCFE14}.Debug|Any CPU.Build.0 = Debug|Any CPU
		{3FE84669-FF2F-4177-8246-9A91D5DCFE14}.Release|Any CPU.ActiveCfg = Release|Any CPU
		{3FE84669-FF2F-4177-8246-9A91D5DCFE14}.Release|Any CPU.Build.0 = Release|Any CPU
		{605C8624-125D-47FF-AC08-B86E6A4E2896}.Debug|Any CPU.ActiveCfg = Debug|Any CPU
		{605C8624-125D-47FF-AC08-B86E6A4E2896}.Debug|Any CPU.Build.0 = Debug|Any CPU
		{605C8624-125D-47FF-AC08-B86E6A4E2896}.Release|Any CPU.ActiveCfg = Release|Any CPU
		{605C8624-125D-47FF-AC08-B86E6A4E2896}.Release|Any CPU.Build.0 = Release|Any CPU
		{AD89EF41-3DA6-45E7-AE4C-C397CF729C5E}.Debug|Any CPU.ActiveCfg = Debug|Any CPU
		{AD89EF41-3DA6-45E7-AE4C-C397CF729C5E}.Debug|Any CPU.Build.0 = Debug|Any CPU
		{AD89EF41-3DA6-45E7-AE4C-C397CF729C5E}.Release|Any CPU.ActiveCfg = Release|Any CPU
		{AD89EF41-3DA6-45E7-AE4C-C397CF729C5E}.Release|Any CPU.Build.0 = Release|Any CPU
		{5A10864F-E841-42FA-9E85-9C612075A876}.Debug|Any CPU.ActiveCfg = Debug|Any CPU
		{5A10864F-E841-42FA-9E85-9C612075A876}.Debug|Any CPU.Build.0 = Debug|Any CPU
		{5A10864F-E841-42FA-9E85-9C612075A876}.Release|Any CPU.ActiveCfg = Release|Any CPU
		{5A10864F-E841-42FA-9E85-9C612075A876}.Release|Any CPU.Build.0 = Release|Any CPU
		{6AD3C08E-5DF2-4590-81EA-90E2AA9FA4C5}.Debug|Any CPU.ActiveCfg = Debug|Any CPU
		{6AD3C08E-5DF2-4590-81EA-90E2AA9FA4C5}.Debug|Any CPU.Build.0 = Debug|Any CPU
		{6AD3C08E-5DF2-4590-81EA-90E2AA9FA4C5}.Release|Any CPU.ActiveCfg = Release|Any CPU
		{6AD3C08E-5DF2-4590-81EA-90E2AA9FA4C5}.Release|Any CPU.Build.0 = Release|Any CPU
		{87A052CE-521C-4AE2-B41C-DF389B627F77}.Debug|Any CPU.ActiveCfg = Debug|Any CPU
		{87A052CE-521C-4AE2-B41C-DF389B627F77}.Debug|Any CPU.Build.0 = Debug|Any CPU
		{87A052CE-521C-4AE2-B41C-DF389B627F77}.Release|Any CPU.ActiveCfg = Release|Any CPU
		{87A052CE-521C-4AE2-B41C-DF389B627F77}.Release|Any CPU.Build.0 = Release|Any CPU
		{6EC96DB5-D084-439B-87D6-C17D5F8124E8}.Debug|Any CPU.ActiveCfg = Debug|Any CPU
		{6EC96DB5-D084-439B-87D6-C17D5F8124E8}.Debug|Any CPU.Build.0 = Debug|Any CPU
		{6EC96DB5-D084-439B-87D6-C17D5F8124E8}.Release|Any CPU.ActiveCfg = Release|Any CPU
		{6EC96DB5-D084-439B-87D6-C17D5F8124E8}.Release|Any CPU.Build.0 = Release|Any CPU
		{5D383F08-5F99-4607-8DBB-8B961A94DCE8}.Debug|Any CPU.ActiveCfg = Debug|Any CPU
		{5D383F08-5F99-4607-8DBB-8B961A94DCE8}.Debug|Any CPU.Build.0 = Debug|Any CPU
		{5D383F08-5F99-4607-8DBB-8B961A94DCE8}.Release|Any CPU.ActiveCfg = Release|Any CPU
		{5D383F08-5F99-4607-8DBB-8B961A94DCE8}.Release|Any CPU.Build.0 = Release|Any CPU
		{4E324EA5-9213-4D58-BEB8-8AEAD1544D88}.Debug|Any CPU.ActiveCfg = Debug|Any CPU
		{4E324EA5-9213-4D58-BEB8-8AEAD1544D88}.Debug|Any CPU.Build.0 = Debug|Any CPU
		{4E324EA5-9213-4D58-BEB8-8AEAD1544D88}.Release|Any CPU.ActiveCfg = Release|Any CPU
		{4E324EA5-9213-4D58-BEB8-8AEAD1544D88}.Release|Any CPU.Build.0 = Release|Any CPU
		{2F6321B1-BB77-4F07-AE07-3312ABCFCB76}.Debug|Any CPU.ActiveCfg = Debug|Any CPU
		{2F6321B1-BB77-4F07-AE07-3312ABCFCB76}.Debug|Any CPU.Build.0 = Debug|Any CPU
		{2F6321B1-BB77-4F07-AE07-3312ABCFCB76}.Release|Any CPU.ActiveCfg = Release|Any CPU
		{2F6321B1-BB77-4F07-AE07-3312ABCFCB76}.Release|Any CPU.Build.0 = Release|Any CPU
		{918185F0-787C-4D3E-A16A-70F7A1160A45}.Debug|Any CPU.ActiveCfg = Debug|Any CPU
		{918185F0-787C-4D3E-A16A-70F7A1160A45}.Debug|Any CPU.Build.0 = Debug|Any CPU
		{918185F0-787C-4D3E-A16A-70F7A1160A45}.Release|Any CPU.ActiveCfg = Release|Any CPU
		{918185F0-787C-4D3E-A16A-70F7A1160A45}.Release|Any CPU.Build.0 = Release|Any CPU
		{B03F8DBA-DA08-493B-A928-1023B656EBED}.Debug|Any CPU.ActiveCfg = Debug|Any CPU
		{B03F8DBA-DA08-493B-A928-1023B656EBED}.Debug|Any CPU.Build.0 = Debug|Any CPU
		{B03F8DBA-DA08-493B-A928-1023B656EBED}.Release|Any CPU.ActiveCfg = Release|Any CPU
		{B03F8DBA-DA08-493B-A928-1023B656EBED}.Release|Any CPU.Build.0 = Release|Any CPU
		{E3AF2433-71CC-4547-A95F-77EE325307AE}.Debug|Any CPU.ActiveCfg = Debug|Any CPU
		{E3AF2433-71CC-4547-A95F-77EE325307AE}.Debug|Any CPU.Build.0 = Debug|Any CPU
		{E3AF2433-71CC-4547-A95F-77EE325307AE}.Release|Any CPU.ActiveCfg = Release|Any CPU
		{E3AF2433-71CC-4547-A95F-77EE325307AE}.Release|Any CPU.Build.0 = Release|Any CPU
		{4535BB63-4384-4429-B61B-E21EC351D526}.Debug|Any CPU.ActiveCfg = Debug|Any CPU
		{4535BB63-4384-4429-B61B-E21EC351D526}.Debug|Any CPU.Build.0 = Debug|Any CPU
		{4535BB63-4384-4429-B61B-E21EC351D526}.Release|Any CPU.ActiveCfg = Release|Any CPU
		{4535BB63-4384-4429-B61B-E21EC351D526}.Release|Any CPU.Build.0 = Release|Any CPU
		{78D0CEB8-29C1-4774-B32E-64FE346F9D80}.Debug|Any CPU.ActiveCfg = Debug|Any CPU
		{78D0CEB8-29C1-4774-B32E-64FE346F9D80}.Debug|Any CPU.Build.0 = Debug|Any CPU
		{78D0CEB8-29C1-4774-B32E-64FE346F9D80}.Release|Any CPU.ActiveCfg = Release|Any CPU
		{78D0CEB8-29C1-4774-B32E-64FE346F9D80}.Release|Any CPU.Build.0 = Release|Any CPU
		{ED6E0BB3-86B8-4485-BD3F-C9896A7B31DC}.Debug|Any CPU.ActiveCfg = Debug|Any CPU
		{ED6E0BB3-86B8-4485-BD3F-C9896A7B31DC}.Debug|Any CPU.Build.0 = Debug|Any CPU
		{ED6E0BB3-86B8-4485-BD3F-C9896A7B31DC}.Release|Any CPU.ActiveCfg = Release|Any CPU
		{ED6E0BB3-86B8-4485-BD3F-C9896A7B31DC}.Release|Any CPU.Build.0 = Release|Any CPU
		{2545B679-40DC-49E7-B881-EFA46B77F64B}.Debug|Any CPU.ActiveCfg = Debug|Any CPU
		{2545B679-40DC-49E7-B881-EFA46B77F64B}.Debug|Any CPU.Build.0 = Debug|Any CPU
		{2545B679-40DC-49E7-B881-EFA46B77F64B}.Release|Any CPU.ActiveCfg = Release|Any CPU
		{2545B679-40DC-49E7-B881-EFA46B77F64B}.Release|Any CPU.Build.0 = Release|Any CPU
		{502E7873-AD48-4352-828C-0E7A834E0820}.Debug|Any CPU.ActiveCfg = Debug|Any CPU
		{502E7873-AD48-4352-828C-0E7A834E0820}.Debug|Any CPU.Build.0 = Debug|Any CPU
		{502E7873-AD48-4352-828C-0E7A834E0820}.Release|Any CPU.ActiveCfg = Release|Any CPU
		{502E7873-AD48-4352-828C-0E7A834E0820}.Release|Any CPU.Build.0 = Release|Any CPU
		{E62D0EEB-1F4D-4077-B302-07EC95CE2F4D}.Debug|Any CPU.ActiveCfg = Debug|Any CPU
		{E62D0EEB-1F4D-4077-B302-07EC95CE2F4D}.Debug|Any CPU.Build.0 = Debug|Any CPU
		{E62D0EEB-1F4D-4077-B302-07EC95CE2F4D}.Release|Any CPU.ActiveCfg = Release|Any CPU
		{E62D0EEB-1F4D-4077-B302-07EC95CE2F4D}.Release|Any CPU.Build.0 = Release|Any CPU
		{1A6EEB1B-8A98-4829-B7DF-57E2B79A420D}.Debug|Any CPU.ActiveCfg = Debug|Any CPU
		{1A6EEB1B-8A98-4829-B7DF-57E2B79A420D}.Debug|Any CPU.Build.0 = Debug|Any CPU
		{1A6EEB1B-8A98-4829-B7DF-57E2B79A420D}.Release|Any CPU.ActiveCfg = Release|Any CPU
		{1A6EEB1B-8A98-4829-B7DF-57E2B79A420D}.Release|Any CPU.Build.0 = Release|Any CPU
		{EBCCBCA5-38E9-4CC5-823F-724816121728}.Debug|Any CPU.ActiveCfg = Debug|Any CPU
		{EBCCBCA5-38E9-4CC5-823F-724816121728}.Debug|Any CPU.Build.0 = Debug|Any CPU
		{EBCCBCA5-38E9-4CC5-823F-724816121728}.Release|Any CPU.ActiveCfg = Release|Any CPU
		{EBCCBCA5-38E9-4CC5-823F-724816121728}.Release|Any CPU.Build.0 = Release|Any CPU
		{817A5E98-63C9-4058-ABD2-621787DF8CE5}.Debug|Any CPU.ActiveCfg = Debug|Any CPU
		{817A5E98-63C9-4058-ABD2-621787DF8CE5}.Debug|Any CPU.Build.0 = Debug|Any CPU
		{817A5E98-63C9-4058-ABD2-621787DF8CE5}.Release|Any CPU.ActiveCfg = Release|Any CPU
		{817A5E98-63C9-4058-ABD2-621787DF8CE5}.Release|Any CPU.Build.0 = Release|Any CPU
		{7397DA95-01F8-4FFF-84AC-016BC8F45663}.Debug|Any CPU.ActiveCfg = Debug|Any CPU
		{7397DA95-01F8-4FFF-84AC-016BC8F45663}.Debug|Any CPU.Build.0 = Debug|Any CPU
		{7397DA95-01F8-4FFF-84AC-016BC8F45663}.Release|Any CPU.ActiveCfg = Release|Any CPU
		{7397DA95-01F8-4FFF-84AC-016BC8F45663}.Release|Any CPU.Build.0 = Release|Any CPU
		{19788B5C-F070-4E14-97F8-1EEAE4800D19}.Debug|Any CPU.ActiveCfg = Debug|Any CPU
		{19788B5C-F070-4E14-97F8-1EEAE4800D19}.Debug|Any CPU.Build.0 = Debug|Any CPU
		{19788B5C-F070-4E14-97F8-1EEAE4800D19}.Release|Any CPU.ActiveCfg = Release|Any CPU
		{19788B5C-F070-4E14-97F8-1EEAE4800D19}.Release|Any CPU.Build.0 = Release|Any CPU
		{8DEBFF52-D93D-45ED-B843-0296675BD721}.Debug|Any CPU.ActiveCfg = Debug|Any CPU
		{8DEBFF52-D93D-45ED-B843-0296675BD721}.Debug|Any CPU.Build.0 = Debug|Any CPU
		{8DEBFF52-D93D-45ED-B843-0296675BD721}.Release|Any CPU.ActiveCfg = Release|Any CPU
		{8DEBFF52-D93D-45ED-B843-0296675BD721}.Release|Any CPU.Build.0 = Release|Any CPU
		{2211FFD1-329E-4061-9AB1-EDBAE786B78E}.Debug|Any CPU.ActiveCfg = Debug|Any CPU
		{2211FFD1-329E-4061-9AB1-EDBAE786B78E}.Debug|Any CPU.Build.0 = Debug|Any CPU
		{2211FFD1-329E-4061-9AB1-EDBAE786B78E}.Release|Any CPU.ActiveCfg = Release|Any CPU
		{2211FFD1-329E-4061-9AB1-EDBAE786B78E}.Release|Any CPU.Build.0 = Release|Any CPU
		{1B4DBB7C-8C30-4DAD-BD5A-70DAF226247E}.Debug|Any CPU.ActiveCfg = Debug|Any CPU
		{1B4DBB7C-8C30-4DAD-BD5A-70DAF226247E}.Debug|Any CPU.Build.0 = Debug|Any CPU
		{1B4DBB7C-8C30-4DAD-BD5A-70DAF226247E}.Release|Any CPU.ActiveCfg = Release|Any CPU
		{1B4DBB7C-8C30-4DAD-BD5A-70DAF226247E}.Release|Any CPU.Build.0 = Release|Any CPU
		{AE2F0C6B-2E20-428E-BAFA-6B42F1B41E3A}.Debug|Any CPU.ActiveCfg = Debug|Any CPU
		{AE2F0C6B-2E20-428E-BAFA-6B42F1B41E3A}.Debug|Any CPU.Build.0 = Debug|Any CPU
		{AE2F0C6B-2E20-428E-BAFA-6B42F1B41E3A}.Release|Any CPU.ActiveCfg = Release|Any CPU
		{AE2F0C6B-2E20-428E-BAFA-6B42F1B41E3A}.Release|Any CPU.Build.0 = Release|Any CPU
		{2178D371-DBB5-4937-B026-BF9A481D5A4B}.Debug|Any CPU.ActiveCfg = Debug|Any CPU
		{2178D371-DBB5-4937-B026-BF9A481D5A4B}.Debug|Any CPU.Build.0 = Debug|Any CPU
		{2178D371-DBB5-4937-B026-BF9A481D5A4B}.Release|Any CPU.ActiveCfg = Release|Any CPU
		{2178D371-DBB5-4937-B026-BF9A481D5A4B}.Release|Any CPU.Build.0 = Release|Any CPU
		{B9D541FF-C747-4E03-B7E9-B568B3595E37}.Debug|Any CPU.ActiveCfg = Debug|Any CPU
		{B9D541FF-C747-4E03-B7E9-B568B3595E37}.Debug|Any CPU.Build.0 = Debug|Any CPU
		{B9D541FF-C747-4E03-B7E9-B568B3595E37}.Release|Any CPU.ActiveCfg = Release|Any CPU
		{B9D541FF-C747-4E03-B7E9-B568B3595E37}.Release|Any CPU.Build.0 = Release|Any CPU
		{ABF78FA9-D785-4F6A-B17A-E409E5210862}.Debug|Any CPU.ActiveCfg = Debug|Any CPU
		{ABF78FA9-D785-4F6A-B17A-E409E5210862}.Debug|Any CPU.Build.0 = Debug|Any CPU
		{ABF78FA9-D785-4F6A-B17A-E409E5210862}.Release|Any CPU.ActiveCfg = Release|Any CPU
		{ABF78FA9-D785-4F6A-B17A-E409E5210862}.Release|Any CPU.Build.0 = Release|Any CPU
		{58973029-7611-476C-B7F4-5914EA43F3D0}.Debug|Any CPU.ActiveCfg = Debug|Any CPU
		{58973029-7611-476C-B7F4-5914EA43F3D0}.Debug|Any CPU.Build.0 = Debug|Any CPU
		{58973029-7611-476C-B7F4-5914EA43F3D0}.Release|Any CPU.ActiveCfg = Release|Any CPU
		{58973029-7611-476C-B7F4-5914EA43F3D0}.Release|Any CPU.Build.0 = Release|Any CPU
		{253E73F1-A3B3-4756-92A6-E438DF852615}.Debug|Any CPU.ActiveCfg = Debug|Any CPU
		{253E73F1-A3B3-4756-92A6-E438DF852615}.Debug|Any CPU.Build.0 = Debug|Any CPU
		{253E73F1-A3B3-4756-92A6-E438DF852615}.Release|Any CPU.ActiveCfg = Release|Any CPU
		{253E73F1-A3B3-4756-92A6-E438DF852615}.Release|Any CPU.Build.0 = Release|Any CPU
		{1C3EDAB4-A0CF-4756-B0DD-840BF20274E5}.Debug|Any CPU.ActiveCfg = Debug|Any CPU
		{1C3EDAB4-A0CF-4756-B0DD-840BF20274E5}.Debug|Any CPU.Build.0 = Debug|Any CPU
		{1C3EDAB4-A0CF-4756-B0DD-840BF20274E5}.Release|Any CPU.ActiveCfg = Release|Any CPU
		{1C3EDAB4-A0CF-4756-B0DD-840BF20274E5}.Release|Any CPU.Build.0 = Release|Any CPU
		{8C82F5B5-C5D8-4C14-B6A9-DB21280C28F2}.Debug|Any CPU.ActiveCfg = Debug|Any CPU
		{8C82F5B5-C5D8-4C14-B6A9-DB21280C28F2}.Debug|Any CPU.Build.0 = Debug|Any CPU
		{8C82F5B5-C5D8-4C14-B6A9-DB21280C28F2}.Release|Any CPU.ActiveCfg = Release|Any CPU
		{8C82F5B5-C5D8-4C14-B6A9-DB21280C28F2}.Release|Any CPU.Build.0 = Release|Any CPU
		{3A92CE3B-1F16-433A-98FD-76154914F62E}.Debug|Any CPU.ActiveCfg = Debug|Any CPU
		{3A92CE3B-1F16-433A-98FD-76154914F62E}.Debug|Any CPU.Build.0 = Debug|Any CPU
		{3A92CE3B-1F16-433A-98FD-76154914F62E}.Release|Any CPU.ActiveCfg = Release|Any CPU
		{3A92CE3B-1F16-433A-98FD-76154914F62E}.Release|Any CPU.Build.0 = Release|Any CPU
		{45D5FD5C-363E-46E2-A127-ED58AF17189F}.Debug|Any CPU.ActiveCfg = Debug|Any CPU
		{45D5FD5C-363E-46E2-A127-ED58AF17189F}.Debug|Any CPU.Build.0 = Debug|Any CPU
		{45D5FD5C-363E-46E2-A127-ED58AF17189F}.Release|Any CPU.ActiveCfg = Release|Any CPU
		{45D5FD5C-363E-46E2-A127-ED58AF17189F}.Release|Any CPU.Build.0 = Release|Any CPU
		{FC3C3A30-1932-48F7-AFA1-A4FDBCD1E034}.Debug|Any CPU.ActiveCfg = Debug|Any CPU
		{FC3C3A30-1932-48F7-AFA1-A4FDBCD1E034}.Debug|Any CPU.Build.0 = Debug|Any CPU
		{FC3C3A30-1932-48F7-AFA1-A4FDBCD1E034}.Release|Any CPU.ActiveCfg = Release|Any CPU
		{FC3C3A30-1932-48F7-AFA1-A4FDBCD1E034}.Release|Any CPU.Build.0 = Release|Any CPU
		{EB5A0B49-2121-4743-91CC-313539A8EC6C}.Debug|Any CPU.ActiveCfg = Debug|Any CPU
		{EB5A0B49-2121-4743-91CC-313539A8EC6C}.Debug|Any CPU.Build.0 = Debug|Any CPU
		{EB5A0B49-2121-4743-91CC-313539A8EC6C}.Release|Any CPU.ActiveCfg = Release|Any CPU
		{EB5A0B49-2121-4743-91CC-313539A8EC6C}.Release|Any CPU.Build.0 = Release|Any CPU
		{734B1DD2-6747-462F-8623-768318838638}.Debug|Any CPU.ActiveCfg = Debug|Any CPU
		{734B1DD2-6747-462F-8623-768318838638}.Debug|Any CPU.Build.0 = Debug|Any CPU
		{734B1DD2-6747-462F-8623-768318838638}.Release|Any CPU.ActiveCfg = Release|Any CPU
		{734B1DD2-6747-462F-8623-768318838638}.Release|Any CPU.Build.0 = Release|Any CPU
		{64CCD2CE-95DB-4D79-A8DA-2D5A0074FD2F}.Debug|Any CPU.ActiveCfg = Debug|Any CPU
		{64CCD2CE-95DB-4D79-A8DA-2D5A0074FD2F}.Debug|Any CPU.Build.0 = Debug|Any CPU
		{64CCD2CE-95DB-4D79-A8DA-2D5A0074FD2F}.Release|Any CPU.ActiveCfg = Release|Any CPU
		{64CCD2CE-95DB-4D79-A8DA-2D5A0074FD2F}.Release|Any CPU.Build.0 = Release|Any CPU
		{FA152B39-FC9F-4B0F-9CE3-95AF41614FC4}.Debug|Any CPU.ActiveCfg = Debug|Any CPU
		{FA152B39-FC9F-4B0F-9CE3-95AF41614FC4}.Debug|Any CPU.Build.0 = Debug|Any CPU
		{FA152B39-FC9F-4B0F-9CE3-95AF41614FC4}.Release|Any CPU.ActiveCfg = Release|Any CPU
		{FA152B39-FC9F-4B0F-9CE3-95AF41614FC4}.Release|Any CPU.Build.0 = Release|Any CPU
		{59241E1F-6617-4A4B-9A5F-D9BE20F49BFF}.Debug|Any CPU.ActiveCfg = Debug|Any CPU
		{59241E1F-6617-4A4B-9A5F-D9BE20F49BFF}.Debug|Any CPU.Build.0 = Debug|Any CPU
		{59241E1F-6617-4A4B-9A5F-D9BE20F49BFF}.Release|Any CPU.ActiveCfg = Release|Any CPU
		{59241E1F-6617-4A4B-9A5F-D9BE20F49BFF}.Release|Any CPU.Build.0 = Release|Any CPU
		{A8A07ABB-67D4-4A9C-A039-1C301E01BC66}.Debug|Any CPU.ActiveCfg = Debug|Any CPU
		{A8A07ABB-67D4-4A9C-A039-1C301E01BC66}.Debug|Any CPU.Build.0 = Debug|Any CPU
		{A8A07ABB-67D4-4A9C-A039-1C301E01BC66}.Release|Any CPU.ActiveCfg = Release|Any CPU
		{A8A07ABB-67D4-4A9C-A039-1C301E01BC66}.Release|Any CPU.Build.0 = Release|Any CPU
		{14AB855E-A5FD-487C-A7FB-095263D7844E}.Debug|Any CPU.ActiveCfg = Debug|Any CPU
		{14AB855E-A5FD-487C-A7FB-095263D7844E}.Debug|Any CPU.Build.0 = Debug|Any CPU
		{14AB855E-A5FD-487C-A7FB-095263D7844E}.Release|Any CPU.ActiveCfg = Release|Any CPU
		{14AB855E-A5FD-487C-A7FB-095263D7844E}.Release|Any CPU.Build.0 = Release|Any CPU
		{C2909F1A-C742-46F6-BC42-24A66FC61D6D}.Debug|Any CPU.ActiveCfg = Debug|Any CPU
		{C2909F1A-C742-46F6-BC42-24A66FC61D6D}.Debug|Any CPU.Build.0 = Debug|Any CPU
		{C2909F1A-C742-46F6-BC42-24A66FC61D6D}.Release|Any CPU.ActiveCfg = Release|Any CPU
		{C2909F1A-C742-46F6-BC42-24A66FC61D6D}.Release|Any CPU.Build.0 = Release|Any CPU
		{0C27834F-2F1E-4F4F-B96A-212B0B433AC4}.Debug|Any CPU.ActiveCfg = Debug|Any CPU
		{0C27834F-2F1E-4F4F-B96A-212B0B433AC4}.Debug|Any CPU.Build.0 = Debug|Any CPU
		{0C27834F-2F1E-4F4F-B96A-212B0B433AC4}.Release|Any CPU.ActiveCfg = Release|Any CPU
		{0C27834F-2F1E-4F4F-B96A-212B0B433AC4}.Release|Any CPU.Build.0 = Release|Any CPU
		{A38E8626-D456-48B4-8818-E2E70AAE4457}.Debug|Any CPU.ActiveCfg = Debug|Any CPU
		{A38E8626-D456-48B4-8818-E2E70AAE4457}.Debug|Any CPU.Build.0 = Debug|Any CPU
		{A38E8626-D456-48B4-8818-E2E70AAE4457}.Release|Any CPU.ActiveCfg = Release|Any CPU
		{A38E8626-D456-48B4-8818-E2E70AAE4457}.Release|Any CPU.Build.0 = Release|Any CPU
		{D43E845E-482B-4551-B729-C1CF089B0A6B}.Debug|Any CPU.ActiveCfg = Debug|Any CPU
		{D43E845E-482B-4551-B729-C1CF089B0A6B}.Debug|Any CPU.Build.0 = Debug|Any CPU
		{D43E845E-482B-4551-B729-C1CF089B0A6B}.Release|Any CPU.ActiveCfg = Release|Any CPU
		{D43E845E-482B-4551-B729-C1CF089B0A6B}.Release|Any CPU.Build.0 = Release|Any CPU
		{D60D29E5-167C-4C05-A8C1-76652D1FF1FA}.Debug|Any CPU.ActiveCfg = Debug|Any CPU
		{D60D29E5-167C-4C05-A8C1-76652D1FF1FA}.Debug|Any CPU.Build.0 = Debug|Any CPU
		{D60D29E5-167C-4C05-A8C1-76652D1FF1FA}.Release|Any CPU.ActiveCfg = Release|Any CPU
		{D60D29E5-167C-4C05-A8C1-76652D1FF1FA}.Release|Any CPU.Build.0 = Release|Any CPU
		{CD4A3CED-4311-454D-9708-06D0CCE86CAE}.Debug|Any CPU.ActiveCfg = Debug|Any CPU
		{CD4A3CED-4311-454D-9708-06D0CCE86CAE}.Debug|Any CPU.Build.0 = Debug|Any CPU
		{CD4A3CED-4311-454D-9708-06D0CCE86CAE}.Release|Any CPU.ActiveCfg = Release|Any CPU
		{CD4A3CED-4311-454D-9708-06D0CCE86CAE}.Release|Any CPU.Build.0 = Release|Any CPU
		{D2C0F382-A827-4C57-83D7-77C5B37F42C4}.Debug|Any CPU.ActiveCfg = Debug|Any CPU
		{D2C0F382-A827-4C57-83D7-77C5B37F42C4}.Debug|Any CPU.Build.0 = Debug|Any CPU
		{D2C0F382-A827-4C57-83D7-77C5B37F42C4}.Release|Any CPU.ActiveCfg = Release|Any CPU
		{D2C0F382-A827-4C57-83D7-77C5B37F42C4}.Release|Any CPU.Build.0 = Release|Any CPU
		{79903F36-E739-46C9-92C9-976BA21D9044}.Debug|Any CPU.ActiveCfg = Debug|Any CPU
		{79903F36-E739-46C9-92C9-976BA21D9044}.Debug|Any CPU.Build.0 = Debug|Any CPU
		{79903F36-E739-46C9-92C9-976BA21D9044}.Release|Any CPU.ActiveCfg = Release|Any CPU
		{79903F36-E739-46C9-92C9-976BA21D9044}.Release|Any CPU.Build.0 = Release|Any CPU
		{C4231652-D152-4BA7-A4A3-A98892E787B0}.Debug|Any CPU.ActiveCfg = Debug|Any CPU
		{C4231652-D152-4BA7-A4A3-A98892E787B0}.Debug|Any CPU.Build.0 = Debug|Any CPU
		{C4231652-D152-4BA7-A4A3-A98892E787B0}.Release|Any CPU.ActiveCfg = Release|Any CPU
		{C4231652-D152-4BA7-A4A3-A98892E787B0}.Release|Any CPU.Build.0 = Release|Any CPU
		{A4DC8B12-037F-4FAC-81EA-844A32503202}.Debug|Any CPU.ActiveCfg = Debug|Any CPU
		{A4DC8B12-037F-4FAC-81EA-844A32503202}.Debug|Any CPU.Build.0 = Debug|Any CPU
		{A4DC8B12-037F-4FAC-81EA-844A32503202}.Release|Any CPU.ActiveCfg = Release|Any CPU
		{A4DC8B12-037F-4FAC-81EA-844A32503202}.Release|Any CPU.Build.0 = Release|Any CPU
		{6A2C0FD8-8AE4-4FC9-8DD4-7B119E641D7D}.Debug|Any CPU.ActiveCfg = Debug|Any CPU
		{6A2C0FD8-8AE4-4FC9-8DD4-7B119E641D7D}.Debug|Any CPU.Build.0 = Debug|Any CPU
		{6A2C0FD8-8AE4-4FC9-8DD4-7B119E641D7D}.Release|Any CPU.ActiveCfg = Release|Any CPU
		{6A2C0FD8-8AE4-4FC9-8DD4-7B119E641D7D}.Release|Any CPU.Build.0 = Release|Any CPU
		{75201B96-E00E-4227-8BF2-A5FCE6B221D7}.Debug|Any CPU.ActiveCfg = Debug|Any CPU
		{75201B96-E00E-4227-8BF2-A5FCE6B221D7}.Debug|Any CPU.Build.0 = Debug|Any CPU
		{75201B96-E00E-4227-8BF2-A5FCE6B221D7}.Release|Any CPU.ActiveCfg = Release|Any CPU
		{75201B96-E00E-4227-8BF2-A5FCE6B221D7}.Release|Any CPU.Build.0 = Release|Any CPU
		{A291E4B3-8124-48DE-8000-BEAB611A2DC9}.Debug|Any CPU.ActiveCfg = Debug|Any CPU
		{A291E4B3-8124-48DE-8000-BEAB611A2DC9}.Debug|Any CPU.Build.0 = Debug|Any CPU
		{A291E4B3-8124-48DE-8000-BEAB611A2DC9}.Release|Any CPU.ActiveCfg = Release|Any CPU
		{A291E4B3-8124-48DE-8000-BEAB611A2DC9}.Release|Any CPU.Build.0 = Release|Any CPU
		{B47149B7-0E4C-447E-B0ED-53E8618D372C}.Debug|Any CPU.ActiveCfg = Debug|Any CPU
		{B47149B7-0E4C-447E-B0ED-53E8618D372C}.Debug|Any CPU.Build.0 = Debug|Any CPU
		{B47149B7-0E4C-447E-B0ED-53E8618D372C}.Release|Any CPU.ActiveCfg = Release|Any CPU
		{B47149B7-0E4C-447E-B0ED-53E8618D372C}.Release|Any CPU.Build.0 = Release|Any CPU
		{9F473EEF-F9BA-407A-8B34-30C843C7D35D}.Debug|Any CPU.ActiveCfg = Debug|Any CPU
		{9F473EEF-F9BA-407A-8B34-30C843C7D35D}.Debug|Any CPU.Build.0 = Debug|Any CPU
		{9F473EEF-F9BA-407A-8B34-30C843C7D35D}.Release|Any CPU.ActiveCfg = Release|Any CPU
		{9F473EEF-F9BA-407A-8B34-30C843C7D35D}.Release|Any CPU.Build.0 = Release|Any CPU
		{3B16ADCF-660B-427F-8D99-FDAF4CB5AD8E}.Debug|Any CPU.ActiveCfg = Debug|Any CPU
		{3B16ADCF-660B-427F-8D99-FDAF4CB5AD8E}.Debug|Any CPU.Build.0 = Debug|Any CPU
		{3B16ADCF-660B-427F-8D99-FDAF4CB5AD8E}.Release|Any CPU.ActiveCfg = Release|Any CPU
		{3B16ADCF-660B-427F-8D99-FDAF4CB5AD8E}.Release|Any CPU.Build.0 = Release|Any CPU
		{016D6C3C-E7F5-4A5B-BDC5-3E7DD326468D}.Debug|Any CPU.ActiveCfg = Debug|Any CPU
		{016D6C3C-E7F5-4A5B-BDC5-3E7DD326468D}.Debug|Any CPU.Build.0 = Debug|Any CPU
		{016D6C3C-E7F5-4A5B-BDC5-3E7DD326468D}.Release|Any CPU.ActiveCfg = Release|Any CPU
		{016D6C3C-E7F5-4A5B-BDC5-3E7DD326468D}.Release|Any CPU.Build.0 = Release|Any CPU
		{AE37D18E-1F49-40FE-B58B-027B1DE1C907}.Debug|Any CPU.ActiveCfg = Debug|Any CPU
		{AE37D18E-1F49-40FE-B58B-027B1DE1C907}.Debug|Any CPU.Build.0 = Debug|Any CPU
		{AE37D18E-1F49-40FE-B58B-027B1DE1C907}.Release|Any CPU.ActiveCfg = Release|Any CPU
		{AE37D18E-1F49-40FE-B58B-027B1DE1C907}.Release|Any CPU.Build.0 = Release|Any CPU
		{3284B042-7F8D-42B8-874F-F7845747D8E1}.Debug|Any CPU.ActiveCfg = Debug|Any CPU
		{3284B042-7F8D-42B8-874F-F7845747D8E1}.Debug|Any CPU.Build.0 = Debug|Any CPU
		{3284B042-7F8D-42B8-874F-F7845747D8E1}.Release|Any CPU.ActiveCfg = Release|Any CPU
		{3284B042-7F8D-42B8-874F-F7845747D8E1}.Release|Any CPU.Build.0 = Release|Any CPU
		{F8068CF6-0DA2-4DE4-807C-8E547DD11317}.Debug|Any CPU.ActiveCfg = Debug|Any CPU
		{F8068CF6-0DA2-4DE4-807C-8E547DD11317}.Debug|Any CPU.Build.0 = Debug|Any CPU
		{F8068CF6-0DA2-4DE4-807C-8E547DD11317}.Release|Any CPU.ActiveCfg = Release|Any CPU
		{F8068CF6-0DA2-4DE4-807C-8E547DD11317}.Release|Any CPU.Build.0 = Release|Any CPU
		{DB33DDFE-F840-409E-9924-B94B8099E24F}.Debug|Any CPU.ActiveCfg = Debug|Any CPU
		{DB33DDFE-F840-409E-9924-B94B8099E24F}.Debug|Any CPU.Build.0 = Debug|Any CPU
		{DB33DDFE-F840-409E-9924-B94B8099E24F}.Release|Any CPU.ActiveCfg = Release|Any CPU
		{DB33DDFE-F840-409E-9924-B94B8099E24F}.Release|Any CPU.Build.0 = Release|Any CPU
		{415154D1-41DA-49E2-AC64-47FEAF6B92AB}.Debug|Any CPU.ActiveCfg = Debug|Any CPU
		{415154D1-41DA-49E2-AC64-47FEAF6B92AB}.Debug|Any CPU.Build.0 = Debug|Any CPU
		{415154D1-41DA-49E2-AC64-47FEAF6B92AB}.Release|Any CPU.ActiveCfg = Release|Any CPU
		{415154D1-41DA-49E2-AC64-47FEAF6B92AB}.Release|Any CPU.Build.0 = Release|Any CPU
		{B67E4ACC-20DB-4A12-9506-3DE54F8DC3FD}.Debug|Any CPU.ActiveCfg = Debug|Any CPU
		{B67E4ACC-20DB-4A12-9506-3DE54F8DC3FD}.Debug|Any CPU.Build.0 = Debug|Any CPU
		{B67E4ACC-20DB-4A12-9506-3DE54F8DC3FD}.Release|Any CPU.ActiveCfg = Release|Any CPU
		{B67E4ACC-20DB-4A12-9506-3DE54F8DC3FD}.Release|Any CPU.Build.0 = Release|Any CPU
		{48B75612-450C-4221-99D7-77755B91F026}.Debug|Any CPU.ActiveCfg = Debug|Any CPU
		{48B75612-450C-4221-99D7-77755B91F026}.Debug|Any CPU.Build.0 = Debug|Any CPU
		{48B75612-450C-4221-99D7-77755B91F026}.Release|Any CPU.ActiveCfg = Release|Any CPU
		{48B75612-450C-4221-99D7-77755B91F026}.Release|Any CPU.Build.0 = Release|Any CPU
		{D2BCFE00-02B8-412D-B332-85E651DEFD54}.Debug|Any CPU.ActiveCfg = Debug|Any CPU
		{D2BCFE00-02B8-412D-B332-85E651DEFD54}.Debug|Any CPU.Build.0 = Debug|Any CPU
		{D2BCFE00-02B8-412D-B332-85E651DEFD54}.Release|Any CPU.ActiveCfg = Release|Any CPU
		{D2BCFE00-02B8-412D-B332-85E651DEFD54}.Release|Any CPU.Build.0 = Release|Any CPU
	EndGlobalSection
	GlobalSection(SolutionProperties) = preSolution
		HideSolutionNode = FALSE
	EndGlobalSection
	GlobalSection(ExtensibilityGlobals) = postSolution
		SolutionGuid = {EE9862E9-F18F-4ADF-A118-FF9F419855DF}
	EndGlobalSection
EndGlobal
